
Microsoft Visual Studio Solution File, Format Version 12.00
# Visual Studio 15
VisualStudioVersion = 15.0.27703.2000
MinimumVisualStudioVersion = 10.0.40219.1
Project("{F184B08F-C81C-45F6-A57F-5ABD9991F28F}") = "SharedFunctions", "SharedFunctions\SharedFunctions.vbproj", "{6B7EA7CF-D766-467A-9E8F-C0C7E8C31EBF}"
EndProject
Project("{00D1A9C2-B5F0-4AF3-8072-F6C62B433612}") = "DatabaseScripts", "DatabaseScripts\DatabaseScripts.sqlproj", "{99E60822-5E61-4923-809B-2F24AF9DC619}"
EndProject
Project("{F184B08F-C81C-45F6-A57F-5ABD9991F28F}") = "BusinessServices", "BusinessServices\BusinessServices.vbproj", "{683AB0C7-FAC6-40A7-A0CE-4D919567687A}"
EndProject
Project("{F184B08F-C81C-45F6-A57F-5ABD9991F28F}") = "BusinessData", "BusinessData\BusinessData.vbproj", "{204A9CB1-A9AB-4401-BEB4-72CA92959814}"
EndProject
Project("{F184B08F-C81C-45F6-A57F-5ABD9991F28F}") = "Dashboard", "Dashboard\Dashboard.vbproj", "{B8632C27-3A99-41AE-9878-61F3E6B9CFB5}"
EndProject
Project("{F184B08F-C81C-45F6-A57F-5ABD9991F28F}") = "WCFClient", "WCFClient\WCFClient.vbproj", "{1F155ED2-BA5E-43E8-BB2C-220BDFA08790}"
EndProject
Project("{F184B08F-C81C-45F6-A57F-5ABD9991F28F}") = "Lexxiom.ImportClients", "Lexx.ImportClients\Lexxiom.ImportClients.vbproj", "{41FA4DBF-1AE4-49C7-AE6F-159A481C179B}"
EndProject
Project("{FAE04EC0-301F-11D3-BF4B-00C04F79EFBC}") = "Drg.Util.DataAccess", "Drg.Util.DataAccess\Drg.Util.DataAccess.csproj", "{462FA7EF-E3CF-4A77-B9A8-38D0DF63E863}"
EndProject
Project("{F184B08F-C81C-45F6-A57F-5ABD9991F28F}") = "Drg.Util.DataHelpers", "Drg.Util.DataHelpers\Drg.Util.DataHelpers.vbproj", "{79FEEB69-9718-4242-BC2B-9DA5EBCD1F15}"
EndProject
Project("{F184B08F-C81C-45F6-A57F-5ABD9991F28F}") = "Drg.Util.Helpers", "Drg.Util.Helpers\Drg.Util.Helpers.vbproj", "{031D004B-BA78-405A-B917-8704A835BF58}"
EndProject
Project("{F184B08F-C81C-45F6-A57F-5ABD9991F28F}") = "Slf.Dms.Controls", "Slf.Dms.Controls\Slf.Dms.Controls.vbproj", "{180BBB5B-6C21-41B0-8638-684118E0FB4C}"
EndProject
Project("{F184B08F-C81C-45F6-A57F-5ABD9991F28F}") = "Slf.Dms.Records", "Slf.Dms.Records\Slf.Dms.Records.vbproj", "{0CF1249C-E804-497C-8D4B-EDE8B48E6E04}"
EndProject
Project("{F184B08F-C81C-45F6-A57F-5ABD9991F28F}") = "Slf.Dms.Reports", "Slf.Dms.Reports\Slf.Dms.Reports.vbproj", "{580E8EF5-933B-4C97-ADD1-EA2724DAF300}"
EndProject
Project("{E24C65DC-7377-472B-9ABA-BC803B73C61A}") = "Slf.Dms.Client", "Slf.Dms.Client\", "{DC42C55C-CB8E-4756-BB0D-6B62240074E6}"
	ProjectSection(WebsiteProperties) = preProject
		SccProjectName = "SAK"
		SccAuxPath = "SAK"
		SccLocalPath = "SAK"
		SccProvider = "SAK"
		TargetFrameworkMoniker = ".NETFramework,Version%3Dv4.6.2"
		ProjectReferences = "{462FA7EF-E3CF-4A77-B9A8-38D0DF63E863}|Drg.Util.DataAccess.dll;{6B7EA7CF-D766-467A-9E8F-C0C7E8C31EBF}|SharedFunctions.dll;{683AB0C7-FAC6-40A7-A0CE-4D919567687A}|BusinessServices.dll;{204A9CB1-A9AB-4401-BEB4-72CA92959814}|BusinessData.dll;{B8632C27-3A99-41AE-9878-61F3E6B9CFB5}|Dashboard.dll;{031D004B-BA78-405A-B917-8704A835BF58}|Drg.Util.Helpers.dll;{79FEEB69-9718-4242-BC2B-9DA5EBCD1F15}|Drg.Util.DataHelpers.dll;{1F155ED2-BA5E-43E8-BB2C-220BDFA08790}|WCFClient.dll;{180BBB5B-6C21-41B0-8638-684118E0FB4C}|Slf.Dms.Controls.dll;{0CF1249C-E804-497C-8D4B-EDE8B48E6E04}|Slf.Dms.Records.dll;{41FA4DBF-1AE4-49C7-AE6F-159A481C179B}|Lexxiom.ImportClients.dll;{580E8EF5-933B-4C97-ADD1-EA2724DAF300}|Slf.Dms.Reports.dll;{C94CA61E-BE3F-49EA-9830-351152E86259}|LexxiomLetterTemplates.dll;"
		Debug.AspNetCompiler.VirtualPath = "/Slf.Dms.Client"
		Debug.AspNetCompiler.PhysicalPath = "Slf.Dms.Client\"
		Debug.AspNetCompiler.TargetPath = "PrecompiledWeb\Slf.Dms.Client\"
		Debug.AspNetCompiler.Updateable = "true"
		Debug.AspNetCompiler.ForceOverwrite = "true"
		Debug.AspNetCompiler.FixedNames = "false"
		Debug.AspNetCompiler.Debug = "True"
		Release.AspNetCompiler.VirtualPath = "/Slf.Dms.Client"
		Release.AspNetCompiler.PhysicalPath = "Slf.Dms.Client\"
		Release.AspNetCompiler.TargetPath = "PrecompiledWeb\Slf.Dms.Client\"
		Release.AspNetCompiler.Updateable = "true"
		Release.AspNetCompiler.ForceOverwrite = "true"
		Release.AspNetCompiler.FixedNames = "false"
		Release.AspNetCompiler.Debug = "False"
		VWDPort = "39223"
		SlnRelativePath = "Slf.Dms.Client\"
		ProjOutputReferences = ""
	EndProjectSection
EndProject
Project("{E24C65DC-7377-472B-9ABA-BC803B73C61A}") = "applySigTest", "..\..\WebSites\applySigTest", "{B87DAC64-BCEA-4D2A-90B2-FF507A5DF0BB}"
	ProjectSection(WebsiteProperties) = preProject
		SccProjectName = "SAK"
		SccAuxPath = "SAK"
		SccLocalPath = "SAK"
		SccProvider = "SAK"
		TargetFrameworkMoniker = ".NETFramework,Version%3Dv3.5"
		Debug.AspNetCompiler.VirtualPath = "/applySigTest"
		Debug.AspNetCompiler.PhysicalPath = "..\..\WebSites\applySigTest\"
		Debug.AspNetCompiler.TargetPath = "PrecompiledWeb\applySigTest\"
		Debug.AspNetCompiler.Updateable = "true"
		Debug.AspNetCompiler.ForceOverwrite = "true"
		Debug.AspNetCompiler.FixedNames = "false"
		Debug.AspNetCompiler.Debug = "True"
		Release.AspNetCompiler.VirtualPath = "/applySigTest"
		Release.AspNetCompiler.PhysicalPath = "..\..\WebSites\applySigTest\"
		Release.AspNetCompiler.TargetPath = "PrecompiledWeb\applySigTest\"
		Release.AspNetCompiler.Updateable = "true"
		Release.AspNetCompiler.ForceOverwrite = "true"
		Release.AspNetCompiler.FixedNames = "false"
		Release.AspNetCompiler.Debug = "False"
		VWDPort = "44539"
		DefaultWebSiteLanguage = "Visual Basic"
	EndProjectSection
	ProjectSection(WebsiteProperties) = preProject
		SccProjectName = "SAK"
		SccAuxPath = "SAK"
		SccLocalPath = "SAK"
		SccProvider = "SAK"
		TargetFrameworkMoniker = ".NETFramework,Version%3Dv3.5"
		Debug.AspNetCompiler.VirtualPath = "/applySigTest"
		Debug.AspNetCompiler.PhysicalPath = "..\..\WebSites\applySigTest\"
		Debug.AspNetCompiler.TargetPath = "PrecompiledWeb\applySigTest\"
		Debug.AspNetCompiler.Updateable = "true"
		Debug.AspNetCompiler.ForceOverwrite = "true"
		Debug.AspNetCompiler.FixedNames = "false"
		Debug.AspNetCompiler.Debug = "True"
		Release.AspNetCompiler.VirtualPath = "/applySigTest"
		Release.AspNetCompiler.PhysicalPath = "..\..\WebSites\applySigTest\"
		Release.AspNetCompiler.TargetPath = "PrecompiledWeb\applySigTest\"
		Release.AspNetCompiler.Updateable = "true"
		Release.AspNetCompiler.ForceOverwrite = "true"
		Release.AspNetCompiler.FixedNames = "false"
		Release.AspNetCompiler.Debug = "False"
		VWDPort = "44539"
		DefaultWebSiteLanguage = "Visual Basic"
	EndProjectSection
	ProjectSection(WebsiteProperties) = preProject
		SccProjectName = "SAK"
		SccAuxPath = "SAK"
		SccLocalPath = "SAK"
		SccProvider = "SAK"
		TargetFrameworkMoniker = ".NETFramework,Version%3Dv3.5"
		Debug.AspNetCompiler.VirtualPath = "/applySigTest"
		Debug.AspNetCompiler.PhysicalPath = "..\..\WebSites\applySigTest\"
		Debug.AspNetCompiler.TargetPath = "PrecompiledWeb\applySigTest\"
		Debug.AspNetCompiler.Updateable = "true"
		Debug.AspNetCompiler.ForceOverwrite = "true"
		Debug.AspNetCompiler.FixedNames = "false"
		Debug.AspNetCompiler.Debug = "True"
		Release.AspNetCompiler.VirtualPath = "/applySigTest"
		Release.AspNetCompiler.PhysicalPath = "..\..\WebSites\applySigTest\"
		Release.AspNetCompiler.TargetPath = "PrecompiledWeb\applySigTest\"
		Release.AspNetCompiler.Updateable = "true"
		Release.AspNetCompiler.ForceOverwrite = "true"
		Release.AspNetCompiler.FixedNames = "false"
		Release.AspNetCompiler.Debug = "False"
		VWDPort = "44539"
		DefaultWebSiteLanguage = "Visual Basic"
	EndProjectSection
	ProjectSection(WebsiteProperties) = preProject
		SccProjectName = "SAK"
		SccAuxPath = "SAK"
		SccLocalPath = "SAK"
		SccProvider = "SAK"
		TargetFrameworkMoniker = ".NETFramework,Version%3Dv3.5"
		Debug.AspNetCompiler.VirtualPath = "/applySigTest"
		Debug.AspNetCompiler.PhysicalPath = "..\..\WebSites\applySigTest\"
		Debug.AspNetCompiler.TargetPath = "PrecompiledWeb\applySigTest\"
		Debug.AspNetCompiler.Updateable = "true"
		Debug.AspNetCompiler.ForceOverwrite = "true"
		Debug.AspNetCompiler.FixedNames = "false"
		Debug.AspNetCompiler.Debug = "True"
		Release.AspNetCompiler.VirtualPath = "/applySigTest"
		Release.AspNetCompiler.PhysicalPath = "..\..\WebSites\applySigTest\"
		Release.AspNetCompiler.TargetPath = "PrecompiledWeb\applySigTest\"
		Release.AspNetCompiler.Updateable = "true"
		Release.AspNetCompiler.ForceOverwrite = "true"
		Release.AspNetCompiler.FixedNames = "false"
		Release.AspNetCompiler.Debug = "False"
		VWDPort = "44539"
		DefaultWebSiteLanguage = "Visual Basic"
	EndProjectSection
	ProjectSection(WebsiteProperties) = preProject
		SccProjectName = "SAK"
		SccAuxPath = "SAK"
		SccLocalPath = "SAK"
		SccProvider = "SAK"
		TargetFrameworkMoniker = ".NETFramework,Version%3Dv3.5"
		Debug.AspNetCompiler.VirtualPath = "/applySigTest"
		Debug.AspNetCompiler.PhysicalPath = "..\..\WebSites\applySigTest\"
		Debug.AspNetCompiler.TargetPath = "PrecompiledWeb\applySigTest\"
		Debug.AspNetCompiler.Updateable = "true"
		Debug.AspNetCompiler.ForceOverwrite = "true"
		Debug.AspNetCompiler.FixedNames = "false"
		Debug.AspNetCompiler.Debug = "True"
		Release.AspNetCompiler.VirtualPath = "/applySigTest"
		Release.AspNetCompiler.PhysicalPath = "..\..\WebSites\applySigTest\"
		Release.AspNetCompiler.TargetPath = "PrecompiledWeb\applySigTest\"
		Release.AspNetCompiler.Updateable = "true"
		Release.AspNetCompiler.ForceOverwrite = "true"
		Release.AspNetCompiler.FixedNames = "false"
		Release.AspNetCompiler.Debug = "False"
		VWDPort = "44539"
		DefaultWebSiteLanguage = "Visual Basic"
	EndProjectSection
	ProjectSection(WebsiteProperties) = preProject
		SccProjectName = "SAK"
		SccAuxPath = "SAK"
		SccLocalPath = "SAK"
		SccProvider = "SAK"
		Frontpage = "false"
		TargetFrameworkMoniker = ".NETFramework,Version%3Dv3.5"
		Debug.AspNetCompiler.VirtualPath = "/applySigTest"
		Debug.AspNetCompiler.PhysicalPath = "..\..\WebSites\applySigTest\"
		Debug.AspNetCompiler.TargetPath = "PrecompiledWeb\applySigTest\"
		Debug.AspNetCompiler.Updateable = "true"
		Debug.AspNetCompiler.ForceOverwrite = "true"
		Debug.AspNetCompiler.FixedNames = "false"
		Debug.AspNetCompiler.Debug = "True"
		Release.AspNetCompiler.VirtualPath = "/applySigTest"
		Release.AspNetCompiler.PhysicalPath = "..\..\WebSites\applySigTest\"
		Release.AspNetCompiler.TargetPath = "PrecompiledWeb\applySigTest\"
		Release.AspNetCompiler.Updateable = "true"
		Release.AspNetCompiler.ForceOverwrite = "true"
		Release.AspNetCompiler.FixedNames = "false"
		Release.AspNetCompiler.Debug = "False"
		VWDPort = "44539"
		DefaultWebSiteLanguage = "Visual Basic"
	EndProjectSection
EndProject
Project("{F184B08F-C81C-45F6-A57F-5ABD9991F28F}") = "ThreeDayNotice_FirstDeposit", "ThreeDayNotice_FirstDeposit\ThreeDayNotice_FirstDeposit.vbproj", "{813C4EC5-48A9-4BEE-A01F-D5903497B95B}"
EndProject
Project("{F184B08F-C81C-45F6-A57F-5ABD9991F28F}") = "LexxiomLetterTemplates", "..\LetterTemplates\LexxiomLetterTemplates\LexxiomLetterTemplates.vbproj", "{C94CA61E-BE3F-49EA-9830-351152E86259}"
EndProject
Project("{F184B08F-C81C-45F6-A57F-5ABD9991F28F}") = "CalculatorTester", "CalculatorTester\CalculatorTester.vbproj", "{EA129AFC-CD8A-4910-8EC7-C7794980F2EF}"
EndProject
Project("{F184B08F-C81C-45F6-A57F-5ABD9991F28F}") = "SMSTester", "SMSTester\SMSTester.vbproj", "{9050B0D7-0278-439C-8F42-EA6DA78FE0C3}"
EndProject
Project("{F184B08F-C81C-45F6-A57F-5ABD9991F28F}") = "SendGlobalTrustTransferEmail", "SendGlobalTrustTransferEmail\SendGlobalTrustTransferEmail.vbproj", "{BE362EDC-76F4-42D6-9693-8D05F4908574}"
EndProject
Project("{F184B08F-C81C-45F6-A57F-5ABD9991F28F}") = "SendSettlementEmails", "SendSettlementEmails\SendSettlementEmails.vbproj", "{3C43B350-E4C9-489E-B20E-0D66B20B4FFF}"
EndProject
Project("{F184B08F-C81C-45F6-A57F-5ABD9991F28F}") = "CreateDocuments", "CreateDocuments\CreateDocuments.vbproj", "{57C3E1E3-27C7-4A65-BE33-217FF900856B}"
EndProject
Project("{F184B08F-C81C-45F6-A57F-5ABD9991F28F}") = "SendPalmerTransferMcKnightLetter", "SendPalmerTransferMcKnightLetter\SendPalmerTransferMcKnightLetter.vbproj", "{01BE60B1-894B-4A7E-B87B-1D2B6AAF2F69}"
EndProject
Project("{FAE04EC0-301F-11D3-BF4B-00C04F79EFBC}") = "MailgunTEST", "MailgunTEST\MailgunTEST.csproj", "{FA58D536-007E-4CDB-87A4-60A033F2B9BF}"
EndProject
Project("{F184B08F-C81C-45F6-A57F-5ABD9991F28F}") = "ExcelPostLeadsIntoCampayneMgr", "ExcelPostLeadsIntoCampayneMgr\ExcelPostLeadsIntoCampayneMgr.vbproj", "{9863E2E3-6D3C-475B-AE60-7F5020FCC200}"
EndProject
Project("{F184B08F-C81C-45F6-A57F-5ABD9991F28F}") = "SendMosslerTransferLetterCLG", "SendMosslerTransferLetterCLG\SendMosslerTransferLetterCLG.vbproj", "{1747DA04-A0E0-4F0A-8CD9-FCD010C7FB6A}"
EndProject
Project("{F184B08F-C81C-45F6-A57F-5ABD9991F28F}") = "CopyFilesToDifferentServer", "CopyFilesToDifferentServer\CopyFilesToDifferentServer.vbproj", "{EC9F4645-59D5-4093-B6AB-1912210C2A0B}"
EndProject
Project("{F184B08F-C81C-45F6-A57F-5ABD9991F28F}") = "ClientDepositCheckITextSharp", "ClientDepositCheckITextSharp\ClientDepositCheckITextSharp.vbproj", "{097B09AC-0AFB-4A34-BC53-27882A906FCF}"
EndProject
Project("{F184B08F-C81C-45F6-A57F-5ABD9991F28F}") = "TransferLeadDocsToClient", "TransferLeadDocsToClient\TransferLeadDocsToClient.vbproj", "{BB91DB03-9C74-46B7-A2FD-4629ED91935A}"
EndProject
Project("{9A19103F-16F7-4668-BE54-9A1E7A4F7556}") = "DailyReportsForManagers", "DailyReportsForManagers\DailyReportsForManagers.csproj", "{E4172BA3-4354-41DD-9DCD-4C548163BB12}"
EndProject
Global
	GlobalSection(SolutionConfigurationPlatforms) = preSolution
		All x86|.NET = All x86|.NET
		All x86|Any CPU = All x86|Any CPU
		All x86|Mixed Platforms = All x86|Mixed Platforms
		All x86|x86 = All x86|x86
		Debug|.NET = Debug|.NET
		Debug|Any CPU = Debug|Any CPU
		Debug|Mixed Platforms = Debug|Mixed Platforms
		Debug|x86 = Debug|x86
		LetterTemplates|.NET = LetterTemplates|.NET
		LetterTemplates|Any CPU = LetterTemplates|Any CPU
		LetterTemplates|Mixed Platforms = LetterTemplates|Mixed Platforms
		LetterTemplates|x86 = LetterTemplates|x86
		Release|.NET = Release|.NET
		Release|Any CPU = Release|Any CPU
		Release|Mixed Platforms = Release|Mixed Platforms
		Release|x86 = Release|x86
		Website Only|.NET = Website Only|.NET
		Website Only|Any CPU = Website Only|Any CPU
		Website Only|Mixed Platforms = Website Only|Mixed Platforms
		Website Only|x86 = Website Only|x86
	EndGlobalSection
	GlobalSection(ProjectConfigurationPlatforms) = postSolution
		{6B7EA7CF-D766-467A-9E8F-C0C7E8C31EBF}.All x86|.NET.ActiveCfg = Release|Any CPU
		{6B7EA7CF-D766-467A-9E8F-C0C7E8C31EBF}.All x86|Any CPU.ActiveCfg = Release|Any CPU
		{6B7EA7CF-D766-467A-9E8F-C0C7E8C31EBF}.All x86|Any CPU.Build.0 = Release|Any CPU
		{6B7EA7CF-D766-467A-9E8F-C0C7E8C31EBF}.All x86|Mixed Platforms.ActiveCfg = Release|Any CPU
		{6B7EA7CF-D766-467A-9E8F-C0C7E8C31EBF}.All x86|x86.ActiveCfg = Release|Any CPU
		{6B7EA7CF-D766-467A-9E8F-C0C7E8C31EBF}.Debug|.NET.ActiveCfg = Debug|Any CPU
		{6B7EA7CF-D766-467A-9E8F-C0C7E8C31EBF}.Debug|Any CPU.ActiveCfg = Debug|Any CPU
		{6B7EA7CF-D766-467A-9E8F-C0C7E8C31EBF}.Debug|Any CPU.Build.0 = Debug|Any CPU
		{6B7EA7CF-D766-467A-9E8F-C0C7E8C31EBF}.Debug|Mixed Platforms.ActiveCfg = Debug|Any CPU
		{6B7EA7CF-D766-467A-9E8F-C0C7E8C31EBF}.Debug|x86.ActiveCfg = Debug|Any CPU
		{6B7EA7CF-D766-467A-9E8F-C0C7E8C31EBF}.LetterTemplates|.NET.ActiveCfg = Release|Any CPU
		{6B7EA7CF-D766-467A-9E8F-C0C7E8C31EBF}.LetterTemplates|Any CPU.ActiveCfg = Release|Any CPU
		{6B7EA7CF-D766-467A-9E8F-C0C7E8C31EBF}.LetterTemplates|Any CPU.Build.0 = Release|Any CPU
		{6B7EA7CF-D766-467A-9E8F-C0C7E8C31EBF}.LetterTemplates|Mixed Platforms.ActiveCfg = Release|Any CPU
		{6B7EA7CF-D766-467A-9E8F-C0C7E8C31EBF}.LetterTemplates|Mixed Platforms.Build.0 = Release|Any CPU
		{6B7EA7CF-D766-467A-9E8F-C0C7E8C31EBF}.LetterTemplates|x86.ActiveCfg = Release|Any CPU
		{6B7EA7CF-D766-467A-9E8F-C0C7E8C31EBF}.Release|.NET.ActiveCfg = Release|Any CPU
		{6B7EA7CF-D766-467A-9E8F-C0C7E8C31EBF}.Release|Any CPU.ActiveCfg = Release|Any CPU
		{6B7EA7CF-D766-467A-9E8F-C0C7E8C31EBF}.Release|Any CPU.Build.0 = Release|Any CPU
		{6B7EA7CF-D766-467A-9E8F-C0C7E8C31EBF}.Release|Mixed Platforms.ActiveCfg = Release|Any CPU
		{6B7EA7CF-D766-467A-9E8F-C0C7E8C31EBF}.Release|x86.ActiveCfg = Release|Any CPU
		{6B7EA7CF-D766-467A-9E8F-C0C7E8C31EBF}.Website Only|.NET.ActiveCfg = Release|Any CPU
		{6B7EA7CF-D766-467A-9E8F-C0C7E8C31EBF}.Website Only|Any CPU.ActiveCfg = Release|Any CPU
		{6B7EA7CF-D766-467A-9E8F-C0C7E8C31EBF}.Website Only|Any CPU.Build.0 = Release|Any CPU
		{6B7EA7CF-D766-467A-9E8F-C0C7E8C31EBF}.Website Only|Mixed Platforms.ActiveCfg = Release|Any CPU
		{6B7EA7CF-D766-467A-9E8F-C0C7E8C31EBF}.Website Only|x86.ActiveCfg = Release|Any CPU
		{99E60822-5E61-4923-809B-2F24AF9DC619}.All x86|.NET.ActiveCfg = Debug|Any CPU
		{99E60822-5E61-4923-809B-2F24AF9DC619}.All x86|Any CPU.ActiveCfg = Debug|Any CPU
		{99E60822-5E61-4923-809B-2F24AF9DC619}.All x86|Mixed Platforms.ActiveCfg = Debug|Any CPU
		{99E60822-5E61-4923-809B-2F24AF9DC619}.All x86|x86.ActiveCfg = Debug|Any CPU
		{99E60822-5E61-4923-809B-2F24AF9DC619}.Debug|.NET.ActiveCfg = Debug|Any CPU
		{99E60822-5E61-4923-809B-2F24AF9DC619}.Debug|Any CPU.ActiveCfg = Debug|Any CPU
		{99E60822-5E61-4923-809B-2F24AF9DC619}.Debug|Mixed Platforms.ActiveCfg = Debug|Any CPU
		{99E60822-5E61-4923-809B-2F24AF9DC619}.Debug|x86.ActiveCfg = Debug|Any CPU
		{99E60822-5E61-4923-809B-2F24AF9DC619}.LetterTemplates|.NET.ActiveCfg = Debug|Any CPU
		{99E60822-5E61-4923-809B-2F24AF9DC619}.LetterTemplates|Any CPU.ActiveCfg = Debug|Any CPU
		{99E60822-5E61-4923-809B-2F24AF9DC619}.LetterTemplates|Mixed Platforms.ActiveCfg = Debug|Any CPU
		{99E60822-5E61-4923-809B-2F24AF9DC619}.LetterTemplates|x86.ActiveCfg = Debug|Any CPU
		{99E60822-5E61-4923-809B-2F24AF9DC619}.Release|.NET.ActiveCfg = Release|Any CPU
		{99E60822-5E61-4923-809B-2F24AF9DC619}.Release|Any CPU.ActiveCfg = Release|Any CPU
		{99E60822-5E61-4923-809B-2F24AF9DC619}.Release|Mixed Platforms.ActiveCfg = Release|Any CPU
		{99E60822-5E61-4923-809B-2F24AF9DC619}.Release|x86.ActiveCfg = Release|Any CPU
		{99E60822-5E61-4923-809B-2F24AF9DC619}.Website Only|.NET.ActiveCfg = Debug|Any CPU
		{99E60822-5E61-4923-809B-2F24AF9DC619}.Website Only|Any CPU.ActiveCfg = Debug|Any CPU
		{99E60822-5E61-4923-809B-2F24AF9DC619}.Website Only|Mixed Platforms.ActiveCfg = Debug|Any CPU
		{99E60822-5E61-4923-809B-2F24AF9DC619}.Website Only|x86.ActiveCfg = Debug|Any CPU
		{683AB0C7-FAC6-40A7-A0CE-4D919567687A}.All x86|.NET.ActiveCfg = Release|Any CPU
		{683AB0C7-FAC6-40A7-A0CE-4D919567687A}.All x86|Any CPU.ActiveCfg = Release|Any CPU
		{683AB0C7-FAC6-40A7-A0CE-4D919567687A}.All x86|Any CPU.Build.0 = Release|Any CPU
		{683AB0C7-FAC6-40A7-A0CE-4D919567687A}.All x86|Mixed Platforms.ActiveCfg = Release|Any CPU
		{683AB0C7-FAC6-40A7-A0CE-4D919567687A}.All x86|x86.ActiveCfg = Release|Any CPU
		{683AB0C7-FAC6-40A7-A0CE-4D919567687A}.Debug|.NET.ActiveCfg = Debug|Any CPU
		{683AB0C7-FAC6-40A7-A0CE-4D919567687A}.Debug|Any CPU.ActiveCfg = Debug|Any CPU
		{683AB0C7-FAC6-40A7-A0CE-4D919567687A}.Debug|Any CPU.Build.0 = Debug|Any CPU
		{683AB0C7-FAC6-40A7-A0CE-4D919567687A}.Debug|Mixed Platforms.ActiveCfg = Debug|Any CPU
		{683AB0C7-FAC6-40A7-A0CE-4D919567687A}.Debug|x86.ActiveCfg = Debug|Any CPU
		{683AB0C7-FAC6-40A7-A0CE-4D919567687A}.LetterTemplates|.NET.ActiveCfg = Release|Any CPU
		{683AB0C7-FAC6-40A7-A0CE-4D919567687A}.LetterTemplates|Any CPU.ActiveCfg = Release|Any CPU
		{683AB0C7-FAC6-40A7-A0CE-4D919567687A}.LetterTemplates|Any CPU.Build.0 = Release|Any CPU
		{683AB0C7-FAC6-40A7-A0CE-4D919567687A}.LetterTemplates|Mixed Platforms.ActiveCfg = Release|Any CPU
		{683AB0C7-FAC6-40A7-A0CE-4D919567687A}.LetterTemplates|Mixed Platforms.Build.0 = Release|Any CPU
		{683AB0C7-FAC6-40A7-A0CE-4D919567687A}.LetterTemplates|x86.ActiveCfg = Release|Any CPU
		{683AB0C7-FAC6-40A7-A0CE-4D919567687A}.Release|.NET.ActiveCfg = Release|Any CPU
		{683AB0C7-FAC6-40A7-A0CE-4D919567687A}.Release|Any CPU.ActiveCfg = Release|Any CPU
		{683AB0C7-FAC6-40A7-A0CE-4D919567687A}.Release|Any CPU.Build.0 = Release|Any CPU
		{683AB0C7-FAC6-40A7-A0CE-4D919567687A}.Release|Mixed Platforms.ActiveCfg = Release|Any CPU
		{683AB0C7-FAC6-40A7-A0CE-4D919567687A}.Release|x86.ActiveCfg = Release|Any CPU
		{683AB0C7-FAC6-40A7-A0CE-4D919567687A}.Website Only|.NET.ActiveCfg = Release|Any CPU
		{683AB0C7-FAC6-40A7-A0CE-4D919567687A}.Website Only|Any CPU.ActiveCfg = Release|Any CPU
		{683AB0C7-FAC6-40A7-A0CE-4D919567687A}.Website Only|Any CPU.Build.0 = Release|Any CPU
		{683AB0C7-FAC6-40A7-A0CE-4D919567687A}.Website Only|Mixed Platforms.ActiveCfg = Release|Any CPU
		{683AB0C7-FAC6-40A7-A0CE-4D919567687A}.Website Only|Mixed Platforms.Build.0 = Release|Any CPU
		{683AB0C7-FAC6-40A7-A0CE-4D919567687A}.Website Only|x86.ActiveCfg = Release|Any CPU
		{204A9CB1-A9AB-4401-BEB4-72CA92959814}.All x86|.NET.ActiveCfg = Release|Any CPU
		{204A9CB1-A9AB-4401-BEB4-72CA92959814}.All x86|Any CPU.ActiveCfg = Release|Any CPU
		{204A9CB1-A9AB-4401-BEB4-72CA92959814}.All x86|Any CPU.Build.0 = Release|Any CPU
		{204A9CB1-A9AB-4401-BEB4-72CA92959814}.All x86|Mixed Platforms.ActiveCfg = Release|Any CPU
		{204A9CB1-A9AB-4401-BEB4-72CA92959814}.All x86|x86.ActiveCfg = Release|Any CPU
		{204A9CB1-A9AB-4401-BEB4-72CA92959814}.Debug|.NET.ActiveCfg = Debug|Any CPU
		{204A9CB1-A9AB-4401-BEB4-72CA92959814}.Debug|Any CPU.ActiveCfg = Debug|Any CPU
		{204A9CB1-A9AB-4401-BEB4-72CA92959814}.Debug|Any CPU.Build.0 = Debug|Any CPU
		{204A9CB1-A9AB-4401-BEB4-72CA92959814}.Debug|Mixed Platforms.ActiveCfg = Debug|Any CPU
		{204A9CB1-A9AB-4401-BEB4-72CA92959814}.Debug|x86.ActiveCfg = Debug|Any CPU
		{204A9CB1-A9AB-4401-BEB4-72CA92959814}.LetterTemplates|.NET.ActiveCfg = Release|Any CPU
		{204A9CB1-A9AB-4401-BEB4-72CA92959814}.LetterTemplates|Any CPU.ActiveCfg = Release|Any CPU
		{204A9CB1-A9AB-4401-BEB4-72CA92959814}.LetterTemplates|Any CPU.Build.0 = Release|Any CPU
		{204A9CB1-A9AB-4401-BEB4-72CA92959814}.LetterTemplates|Mixed Platforms.ActiveCfg = Release|Any CPU
		{204A9CB1-A9AB-4401-BEB4-72CA92959814}.LetterTemplates|Mixed Platforms.Build.0 = Release|Any CPU
		{204A9CB1-A9AB-4401-BEB4-72CA92959814}.LetterTemplates|x86.ActiveCfg = Release|Any CPU
		{204A9CB1-A9AB-4401-BEB4-72CA92959814}.Release|.NET.ActiveCfg = Release|Any CPU
		{204A9CB1-A9AB-4401-BEB4-72CA92959814}.Release|Any CPU.ActiveCfg = Release|Any CPU
		{204A9CB1-A9AB-4401-BEB4-72CA92959814}.Release|Any CPU.Build.0 = Release|Any CPU
		{204A9CB1-A9AB-4401-BEB4-72CA92959814}.Release|Mixed Platforms.ActiveCfg = Release|Any CPU
		{204A9CB1-A9AB-4401-BEB4-72CA92959814}.Release|x86.ActiveCfg = Release|Any CPU
		{204A9CB1-A9AB-4401-BEB4-72CA92959814}.Website Only|.NET.ActiveCfg = Release|Any CPU
		{204A9CB1-A9AB-4401-BEB4-72CA92959814}.Website Only|Any CPU.ActiveCfg = Release|Any CPU
		{204A9CB1-A9AB-4401-BEB4-72CA92959814}.Website Only|Any CPU.Build.0 = Release|Any CPU
		{204A9CB1-A9AB-4401-BEB4-72CA92959814}.Website Only|Mixed Platforms.ActiveCfg = Release|Any CPU
		{204A9CB1-A9AB-4401-BEB4-72CA92959814}.Website Only|Mixed Platforms.Build.0 = Release|Any CPU
		{204A9CB1-A9AB-4401-BEB4-72CA92959814}.Website Only|x86.ActiveCfg = Release|Any CPU
		{B8632C27-3A99-41AE-9878-61F3E6B9CFB5}.All x86|.NET.ActiveCfg = Release|Any CPU
		{B8632C27-3A99-41AE-9878-61F3E6B9CFB5}.All x86|Any CPU.ActiveCfg = Release|Any CPU
		{B8632C27-3A99-41AE-9878-61F3E6B9CFB5}.All x86|Any CPU.Build.0 = Release|Any CPU
		{B8632C27-3A99-41AE-9878-61F3E6B9CFB5}.All x86|Mixed Platforms.ActiveCfg = Release|Any CPU
		{B8632C27-3A99-41AE-9878-61F3E6B9CFB5}.All x86|x86.ActiveCfg = Release|Any CPU
		{B8632C27-3A99-41AE-9878-61F3E6B9CFB5}.Debug|.NET.ActiveCfg = Debug|Any CPU
		{B8632C27-3A99-41AE-9878-61F3E6B9CFB5}.Debug|Any CPU.ActiveCfg = Debug|Any CPU
		{B8632C27-3A99-41AE-9878-61F3E6B9CFB5}.Debug|Any CPU.Build.0 = Debug|Any CPU
		{B8632C27-3A99-41AE-9878-61F3E6B9CFB5}.Debug|Mixed Platforms.ActiveCfg = Debug|Any CPU
		{B8632C27-3A99-41AE-9878-61F3E6B9CFB5}.Debug|x86.ActiveCfg = Debug|Any CPU
		{B8632C27-3A99-41AE-9878-61F3E6B9CFB5}.LetterTemplates|.NET.ActiveCfg = Release|Any CPU
		{B8632C27-3A99-41AE-9878-61F3E6B9CFB5}.LetterTemplates|Any CPU.ActiveCfg = Release|Any CPU
		{B8632C27-3A99-41AE-9878-61F3E6B9CFB5}.LetterTemplates|Any CPU.Build.0 = Release|Any CPU
		{B8632C27-3A99-41AE-9878-61F3E6B9CFB5}.LetterTemplates|Mixed Platforms.ActiveCfg = Release|Any CPU
		{B8632C27-3A99-41AE-9878-61F3E6B9CFB5}.LetterTemplates|Mixed Platforms.Build.0 = Release|Any CPU
		{B8632C27-3A99-41AE-9878-61F3E6B9CFB5}.LetterTemplates|x86.ActiveCfg = Release|Any CPU
		{B8632C27-3A99-41AE-9878-61F3E6B9CFB5}.Release|.NET.ActiveCfg = Release|Any CPU
		{B8632C27-3A99-41AE-9878-61F3E6B9CFB5}.Release|Any CPU.ActiveCfg = Release|Any CPU
		{B8632C27-3A99-41AE-9878-61F3E6B9CFB5}.Release|Any CPU.Build.0 = Release|Any CPU
		{B8632C27-3A99-41AE-9878-61F3E6B9CFB5}.Release|Mixed Platforms.ActiveCfg = Release|Any CPU
		{B8632C27-3A99-41AE-9878-61F3E6B9CFB5}.Release|x86.ActiveCfg = Release|Any CPU
		{B8632C27-3A99-41AE-9878-61F3E6B9CFB5}.Website Only|.NET.ActiveCfg = Release|Any CPU
		{B8632C27-3A99-41AE-9878-61F3E6B9CFB5}.Website Only|Any CPU.ActiveCfg = Release|Any CPU
		{B8632C27-3A99-41AE-9878-61F3E6B9CFB5}.Website Only|Any CPU.Build.0 = Release|Any CPU
		{B8632C27-3A99-41AE-9878-61F3E6B9CFB5}.Website Only|Mixed Platforms.ActiveCfg = Release|Any CPU
		{B8632C27-3A99-41AE-9878-61F3E6B9CFB5}.Website Only|Mixed Platforms.Build.0 = Release|Any CPU
		{B8632C27-3A99-41AE-9878-61F3E6B9CFB5}.Website Only|x86.ActiveCfg = Release|Any CPU
		{1F155ED2-BA5E-43E8-BB2C-220BDFA08790}.All x86|.NET.ActiveCfg = Release|Any CPU
		{1F155ED2-BA5E-43E8-BB2C-220BDFA08790}.All x86|Any CPU.ActiveCfg = Release|Any CPU
		{1F155ED2-BA5E-43E8-BB2C-220BDFA08790}.All x86|Any CPU.Build.0 = Release|Any CPU
		{1F155ED2-BA5E-43E8-BB2C-220BDFA08790}.All x86|Mixed Platforms.ActiveCfg = Release|Any CPU
		{1F155ED2-BA5E-43E8-BB2C-220BDFA08790}.All x86|x86.ActiveCfg = Release|Any CPU
		{1F155ED2-BA5E-43E8-BB2C-220BDFA08790}.Debug|.NET.ActiveCfg = Debug|Any CPU
		{1F155ED2-BA5E-43E8-BB2C-220BDFA08790}.Debug|Any CPU.ActiveCfg = Debug|Any CPU
		{1F155ED2-BA5E-43E8-BB2C-220BDFA08790}.Debug|Any CPU.Build.0 = Debug|Any CPU
		{1F155ED2-BA5E-43E8-BB2C-220BDFA08790}.Debug|Mixed Platforms.ActiveCfg = Debug|Any CPU
		{1F155ED2-BA5E-43E8-BB2C-220BDFA08790}.Debug|Mixed Platforms.Build.0 = Debug|Any CPU
		{1F155ED2-BA5E-43E8-BB2C-220BDFA08790}.Debug|x86.ActiveCfg = Debug|Any CPU
		{1F155ED2-BA5E-43E8-BB2C-220BDFA08790}.LetterTemplates|.NET.ActiveCfg = Release|Any CPU
		{1F155ED2-BA5E-43E8-BB2C-220BDFA08790}.LetterTemplates|Any CPU.ActiveCfg = Release|Any CPU
		{1F155ED2-BA5E-43E8-BB2C-220BDFA08790}.LetterTemplates|Any CPU.Build.0 = Release|Any CPU
		{1F155ED2-BA5E-43E8-BB2C-220BDFA08790}.LetterTemplates|Mixed Platforms.ActiveCfg = Release|Any CPU
		{1F155ED2-BA5E-43E8-BB2C-220BDFA08790}.LetterTemplates|Mixed Platforms.Build.0 = Release|Any CPU
		{1F155ED2-BA5E-43E8-BB2C-220BDFA08790}.LetterTemplates|x86.ActiveCfg = Release|Any CPU
		{1F155ED2-BA5E-43E8-BB2C-220BDFA08790}.Release|.NET.ActiveCfg = Release|Any CPU
		{1F155ED2-BA5E-43E8-BB2C-220BDFA08790}.Release|Any CPU.ActiveCfg = Release|Any CPU
		{1F155ED2-BA5E-43E8-BB2C-220BDFA08790}.Release|Any CPU.Build.0 = Release|Any CPU
		{1F155ED2-BA5E-43E8-BB2C-220BDFA08790}.Release|Mixed Platforms.ActiveCfg = Release|Any CPU
		{1F155ED2-BA5E-43E8-BB2C-220BDFA08790}.Release|x86.ActiveCfg = Release|Any CPU
		{1F155ED2-BA5E-43E8-BB2C-220BDFA08790}.Website Only|.NET.ActiveCfg = Release|Any CPU
		{1F155ED2-BA5E-43E8-BB2C-220BDFA08790}.Website Only|Any CPU.ActiveCfg = Release|Any CPU
		{1F155ED2-BA5E-43E8-BB2C-220BDFA08790}.Website Only|Any CPU.Build.0 = Release|Any CPU
		{1F155ED2-BA5E-43E8-BB2C-220BDFA08790}.Website Only|Mixed Platforms.ActiveCfg = Release|Any CPU
		{1F155ED2-BA5E-43E8-BB2C-220BDFA08790}.Website Only|Mixed Platforms.Build.0 = Release|Any CPU
		{1F155ED2-BA5E-43E8-BB2C-220BDFA08790}.Website Only|x86.ActiveCfg = Release|Any CPU
		{41FA4DBF-1AE4-49C7-AE6F-159A481C179B}.All x86|.NET.ActiveCfg = Release|Any CPU
		{41FA4DBF-1AE4-49C7-AE6F-159A481C179B}.All x86|Any CPU.ActiveCfg = Release|Any CPU
		{41FA4DBF-1AE4-49C7-AE6F-159A481C179B}.All x86|Any CPU.Build.0 = Release|Any CPU
		{41FA4DBF-1AE4-49C7-AE6F-159A481C179B}.All x86|Mixed Platforms.ActiveCfg = Release|Any CPU
		{41FA4DBF-1AE4-49C7-AE6F-159A481C179B}.All x86|x86.ActiveCfg = Release|Any CPU
		{41FA4DBF-1AE4-49C7-AE6F-159A481C179B}.Debug|.NET.ActiveCfg = Debug|Any CPU
		{41FA4DBF-1AE4-49C7-AE6F-159A481C179B}.Debug|Any CPU.ActiveCfg = Debug|Any CPU
		{41FA4DBF-1AE4-49C7-AE6F-159A481C179B}.Debug|Any CPU.Build.0 = Debug|Any CPU
		{41FA4DBF-1AE4-49C7-AE6F-159A481C179B}.Debug|Mixed Platforms.ActiveCfg = Debug|Any CPU
		{41FA4DBF-1AE4-49C7-AE6F-159A481C179B}.Debug|x86.ActiveCfg = Debug|Any CPU
		{41FA4DBF-1AE4-49C7-AE6F-159A481C179B}.LetterTemplates|.NET.ActiveCfg = Release|Any CPU
		{41FA4DBF-1AE4-49C7-AE6F-159A481C179B}.LetterTemplates|Any CPU.ActiveCfg = Release|Any CPU
		{41FA4DBF-1AE4-49C7-AE6F-159A481C179B}.LetterTemplates|Any CPU.Build.0 = Release|Any CPU
		{41FA4DBF-1AE4-49C7-AE6F-159A481C179B}.LetterTemplates|Mixed Platforms.ActiveCfg = Release|Any CPU
		{41FA4DBF-1AE4-49C7-AE6F-159A481C179B}.LetterTemplates|Mixed Platforms.Build.0 = Release|Any CPU
		{41FA4DBF-1AE4-49C7-AE6F-159A481C179B}.LetterTemplates|x86.ActiveCfg = Release|Any CPU
		{41FA4DBF-1AE4-49C7-AE6F-159A481C179B}.Release|.NET.ActiveCfg = Release|Any CPU
		{41FA4DBF-1AE4-49C7-AE6F-159A481C179B}.Release|Any CPU.ActiveCfg = Release|Any CPU
		{41FA4DBF-1AE4-49C7-AE6F-159A481C179B}.Release|Any CPU.Build.0 = Release|Any CPU
		{41FA4DBF-1AE4-49C7-AE6F-159A481C179B}.Release|Mixed Platforms.ActiveCfg = Release|Any CPU
		{41FA4DBF-1AE4-49C7-AE6F-159A481C179B}.Release|x86.ActiveCfg = Release|Any CPU
		{41FA4DBF-1AE4-49C7-AE6F-159A481C179B}.Website Only|.NET.ActiveCfg = Release|Any CPU
		{41FA4DBF-1AE4-49C7-AE6F-159A481C179B}.Website Only|Any CPU.ActiveCfg = Release|Any CPU
		{41FA4DBF-1AE4-49C7-AE6F-159A481C179B}.Website Only|Any CPU.Build.0 = Release|Any CPU
		{41FA4DBF-1AE4-49C7-AE6F-159A481C179B}.Website Only|Mixed Platforms.ActiveCfg = Release|Any CPU
		{41FA4DBF-1AE4-49C7-AE6F-159A481C179B}.Website Only|Mixed Platforms.Build.0 = Release|Any CPU
		{41FA4DBF-1AE4-49C7-AE6F-159A481C179B}.Website Only|x86.ActiveCfg = Release|Any CPU
		{462FA7EF-E3CF-4A77-B9A8-38D0DF63E863}.All x86|.NET.ActiveCfg = Website Only|x86
		{462FA7EF-E3CF-4A77-B9A8-38D0DF63E863}.All x86|Any CPU.ActiveCfg = Website Only|x86
		{462FA7EF-E3CF-4A77-B9A8-38D0DF63E863}.All x86|Mixed Platforms.ActiveCfg = Website Only|x86
		{462FA7EF-E3CF-4A77-B9A8-38D0DF63E863}.All x86|x86.ActiveCfg = Website Only|x86
		{462FA7EF-E3CF-4A77-B9A8-38D0DF63E863}.Debug|.NET.ActiveCfg = Debug|x86
		{462FA7EF-E3CF-4A77-B9A8-38D0DF63E863}.Debug|Any CPU.ActiveCfg = Debug|Any CPU
		{462FA7EF-E3CF-4A77-B9A8-38D0DF63E863}.Debug|Any CPU.Build.0 = Debug|Any CPU
		{462FA7EF-E3CF-4A77-B9A8-38D0DF63E863}.Debug|Mixed Platforms.ActiveCfg = Debug|x86
		{462FA7EF-E3CF-4A77-B9A8-38D0DF63E863}.Debug|x86.ActiveCfg = Debug|x86
		{462FA7EF-E3CF-4A77-B9A8-38D0DF63E863}.LetterTemplates|.NET.ActiveCfg = Website Only|x86
		{462FA7EF-E3CF-4A77-B9A8-38D0DF63E863}.LetterTemplates|Any CPU.ActiveCfg = Website Only|x86
		{462FA7EF-E3CF-4A77-B9A8-38D0DF63E863}.LetterTemplates|Mixed Platforms.ActiveCfg = Website Only|x86
		{462FA7EF-E3CF-4A77-B9A8-38D0DF63E863}.LetterTemplates|Mixed Platforms.Build.0 = Website Only|x86
		{462FA7EF-E3CF-4A77-B9A8-38D0DF63E863}.LetterTemplates|x86.ActiveCfg = Website Only|x86
		{462FA7EF-E3CF-4A77-B9A8-38D0DF63E863}.LetterTemplates|x86.Build.0 = Website Only|x86
		{462FA7EF-E3CF-4A77-B9A8-38D0DF63E863}.Release|.NET.ActiveCfg = Release|x86
		{462FA7EF-E3CF-4A77-B9A8-38D0DF63E863}.Release|Any CPU.ActiveCfg = Release|Any CPU
		{462FA7EF-E3CF-4A77-B9A8-38D0DF63E863}.Release|Any CPU.Build.0 = Release|Any CPU
		{462FA7EF-E3CF-4A77-B9A8-38D0DF63E863}.Release|Mixed Platforms.ActiveCfg = Release|x86
		{462FA7EF-E3CF-4A77-B9A8-38D0DF63E863}.Release|Mixed Platforms.Build.0 = Release|x86
		{462FA7EF-E3CF-4A77-B9A8-38D0DF63E863}.Release|x86.ActiveCfg = Release|x86
		{462FA7EF-E3CF-4A77-B9A8-38D0DF63E863}.Release|x86.Build.0 = Release|x86
		{462FA7EF-E3CF-4A77-B9A8-38D0DF63E863}.Website Only|.NET.ActiveCfg = Website Only|x86
		{462FA7EF-E3CF-4A77-B9A8-38D0DF63E863}.Website Only|Any CPU.ActiveCfg = Website Only|Any CPU
		{462FA7EF-E3CF-4A77-B9A8-38D0DF63E863}.Website Only|Any CPU.Build.0 = Website Only|Any CPU
		{462FA7EF-E3CF-4A77-B9A8-38D0DF63E863}.Website Only|Mixed Platforms.ActiveCfg = Website Only|x86
		{462FA7EF-E3CF-4A77-B9A8-38D0DF63E863}.Website Only|Mixed Platforms.Build.0 = Website Only|x86
		{462FA7EF-E3CF-4A77-B9A8-38D0DF63E863}.Website Only|x86.ActiveCfg = Website Only|x86
		{462FA7EF-E3CF-4A77-B9A8-38D0DF63E863}.Website Only|x86.Build.0 = Website Only|x86
		{79FEEB69-9718-4242-BC2B-9DA5EBCD1F15}.All x86|.NET.ActiveCfg = Website Only|x86
		{79FEEB69-9718-4242-BC2B-9DA5EBCD1F15}.All x86|Any CPU.ActiveCfg = Website Only|x86
		{79FEEB69-9718-4242-BC2B-9DA5EBCD1F15}.All x86|Mixed Platforms.ActiveCfg = Website Only|x86
		{79FEEB69-9718-4242-BC2B-9DA5EBCD1F15}.All x86|x86.ActiveCfg = Website Only|x86
		{79FEEB69-9718-4242-BC2B-9DA5EBCD1F15}.Debug|.NET.ActiveCfg = Debug|x86
		{79FEEB69-9718-4242-BC2B-9DA5EBCD1F15}.Debug|Any CPU.ActiveCfg = Debug|Any CPU
		{79FEEB69-9718-4242-BC2B-9DA5EBCD1F15}.Debug|Any CPU.Build.0 = Debug|Any CPU
		{79FEEB69-9718-4242-BC2B-9DA5EBCD1F15}.Debug|Mixed Platforms.ActiveCfg = Debug|x86
		{79FEEB69-9718-4242-BC2B-9DA5EBCD1F15}.Debug|x86.ActiveCfg = Debug|x86
		{79FEEB69-9718-4242-BC2B-9DA5EBCD1F15}.LetterTemplates|.NET.ActiveCfg = Website Only|x86
		{79FEEB69-9718-4242-BC2B-9DA5EBCD1F15}.LetterTemplates|Any CPU.ActiveCfg = Website Only|x86
		{79FEEB69-9718-4242-BC2B-9DA5EBCD1F15}.LetterTemplates|Mixed Platforms.ActiveCfg = Website Only|x86
		{79FEEB69-9718-4242-BC2B-9DA5EBCD1F15}.LetterTemplates|Mixed Platforms.Build.0 = Website Only|x86
		{79FEEB69-9718-4242-BC2B-9DA5EBCD1F15}.LetterTemplates|x86.ActiveCfg = Website Only|x86
		{79FEEB69-9718-4242-BC2B-9DA5EBCD1F15}.LetterTemplates|x86.Build.0 = Website Only|x86
		{79FEEB69-9718-4242-BC2B-9DA5EBCD1F15}.Release|.NET.ActiveCfg = Release|x86
		{79FEEB69-9718-4242-BC2B-9DA5EBCD1F15}.Release|Any CPU.ActiveCfg = Release|Any CPU
		{79FEEB69-9718-4242-BC2B-9DA5EBCD1F15}.Release|Any CPU.Build.0 = Release|Any CPU
		{79FEEB69-9718-4242-BC2B-9DA5EBCD1F15}.Release|Mixed Platforms.ActiveCfg = Release|x86
		{79FEEB69-9718-4242-BC2B-9DA5EBCD1F15}.Release|Mixed Platforms.Build.0 = Release|x86
		{79FEEB69-9718-4242-BC2B-9DA5EBCD1F15}.Release|x86.ActiveCfg = Release|x86
		{79FEEB69-9718-4242-BC2B-9DA5EBCD1F15}.Release|x86.Build.0 = Release|x86
		{79FEEB69-9718-4242-BC2B-9DA5EBCD1F15}.Website Only|.NET.ActiveCfg = Website Only|x86
		{79FEEB69-9718-4242-BC2B-9DA5EBCD1F15}.Website Only|Any CPU.ActiveCfg = Website Only|Any CPU
		{79FEEB69-9718-4242-BC2B-9DA5EBCD1F15}.Website Only|Any CPU.Build.0 = Website Only|Any CPU
		{79FEEB69-9718-4242-BC2B-9DA5EBCD1F15}.Website Only|Mixed Platforms.ActiveCfg = Website Only|x86
		{79FEEB69-9718-4242-BC2B-9DA5EBCD1F15}.Website Only|Mixed Platforms.Build.0 = Website Only|x86
		{79FEEB69-9718-4242-BC2B-9DA5EBCD1F15}.Website Only|x86.ActiveCfg = Website Only|x86
		{79FEEB69-9718-4242-BC2B-9DA5EBCD1F15}.Website Only|x86.Build.0 = Website Only|x86
		{031D004B-BA78-405A-B917-8704A835BF58}.All x86|.NET.ActiveCfg = Website Only|x86
		{031D004B-BA78-405A-B917-8704A835BF58}.All x86|Any CPU.ActiveCfg = Website Only|x86
		{031D004B-BA78-405A-B917-8704A835BF58}.All x86|Mixed Platforms.ActiveCfg = Website Only|x86
		{031D004B-BA78-405A-B917-8704A835BF58}.All x86|x86.ActiveCfg = Website Only|x86
		{031D004B-BA78-405A-B917-8704A835BF58}.Debug|.NET.ActiveCfg = Debug|x86
		{031D004B-BA78-405A-B917-8704A835BF58}.Debug|Any CPU.ActiveCfg = Debug|Any CPU
		{031D004B-BA78-405A-B917-8704A835BF58}.Debug|Any CPU.Build.0 = Debug|Any CPU
		{031D004B-BA78-405A-B917-8704A835BF58}.Debug|Mixed Platforms.ActiveCfg = Debug|x86
		{031D004B-BA78-405A-B917-8704A835BF58}.Debug|x86.ActiveCfg = Debug|x86
		{031D004B-BA78-405A-B917-8704A835BF58}.LetterTemplates|.NET.ActiveCfg = Website Only|x86
		{031D004B-BA78-405A-B917-8704A835BF58}.LetterTemplates|Any CPU.ActiveCfg = Website Only|x86
		{031D004B-BA78-405A-B917-8704A835BF58}.LetterTemplates|Mixed Platforms.ActiveCfg = Website Only|x86
		{031D004B-BA78-405A-B917-8704A835BF58}.LetterTemplates|Mixed Platforms.Build.0 = Website Only|x86
		{031D004B-BA78-405A-B917-8704A835BF58}.LetterTemplates|x86.ActiveCfg = Website Only|x86
		{031D004B-BA78-405A-B917-8704A835BF58}.LetterTemplates|x86.Build.0 = Website Only|x86
		{031D004B-BA78-405A-B917-8704A835BF58}.Release|.NET.ActiveCfg = Release|x86
		{031D004B-BA78-405A-B917-8704A835BF58}.Release|Any CPU.ActiveCfg = Release|Any CPU
		{031D004B-BA78-405A-B917-8704A835BF58}.Release|Any CPU.Build.0 = Release|Any CPU
		{031D004B-BA78-405A-B917-8704A835BF58}.Release|Mixed Platforms.ActiveCfg = Release|x86
		{031D004B-BA78-405A-B917-8704A835BF58}.Release|Mixed Platforms.Build.0 = Release|x86
		{031D004B-BA78-405A-B917-8704A835BF58}.Release|x86.ActiveCfg = Release|x86
		{031D004B-BA78-405A-B917-8704A835BF58}.Release|x86.Build.0 = Release|x86
		{031D004B-BA78-405A-B917-8704A835BF58}.Website Only|.NET.ActiveCfg = Website Only|x86
		{031D004B-BA78-405A-B917-8704A835BF58}.Website Only|Any CPU.ActiveCfg = Website Only|Any CPU
		{031D004B-BA78-405A-B917-8704A835BF58}.Website Only|Any CPU.Build.0 = Website Only|Any CPU
		{031D004B-BA78-405A-B917-8704A835BF58}.Website Only|Mixed Platforms.ActiveCfg = Website Only|x86
		{031D004B-BA78-405A-B917-8704A835BF58}.Website Only|Mixed Platforms.Build.0 = Website Only|x86
		{031D004B-BA78-405A-B917-8704A835BF58}.Website Only|x86.ActiveCfg = Website Only|x86
		{031D004B-BA78-405A-B917-8704A835BF58}.Website Only|x86.Build.0 = Website Only|x86
		{180BBB5B-6C21-41B0-8638-684118E0FB4C}.All x86|.NET.ActiveCfg = Website Only|x86
		{180BBB5B-6C21-41B0-8638-684118E0FB4C}.All x86|Any CPU.ActiveCfg = Website Only|x86
		{180BBB5B-6C21-41B0-8638-684118E0FB4C}.All x86|Mixed Platforms.ActiveCfg = Website Only|x86
		{180BBB5B-6C21-41B0-8638-684118E0FB4C}.All x86|x86.ActiveCfg = Website Only|x86
		{180BBB5B-6C21-41B0-8638-684118E0FB4C}.Debug|.NET.ActiveCfg = Debug|x86
		{180BBB5B-6C21-41B0-8638-684118E0FB4C}.Debug|Any CPU.ActiveCfg = Debug|Any CPU
		{180BBB5B-6C21-41B0-8638-684118E0FB4C}.Debug|Any CPU.Build.0 = Debug|Any CPU
		{180BBB5B-6C21-41B0-8638-684118E0FB4C}.Debug|Mixed Platforms.ActiveCfg = Debug|x86
		{180BBB5B-6C21-41B0-8638-684118E0FB4C}.Debug|x86.ActiveCfg = Debug|x86
		{180BBB5B-6C21-41B0-8638-684118E0FB4C}.LetterTemplates|.NET.ActiveCfg = Website Only|x86
		{180BBB5B-6C21-41B0-8638-684118E0FB4C}.LetterTemplates|Any CPU.ActiveCfg = Website Only|x86
		{180BBB5B-6C21-41B0-8638-684118E0FB4C}.LetterTemplates|Mixed Platforms.ActiveCfg = Website Only|x86
		{180BBB5B-6C21-41B0-8638-684118E0FB4C}.LetterTemplates|Mixed Platforms.Build.0 = Website Only|x86
		{180BBB5B-6C21-41B0-8638-684118E0FB4C}.LetterTemplates|x86.ActiveCfg = Website Only|x86
		{180BBB5B-6C21-41B0-8638-684118E0FB4C}.LetterTemplates|x86.Build.0 = Website Only|x86
		{180BBB5B-6C21-41B0-8638-684118E0FB4C}.Release|.NET.ActiveCfg = Release|x86
		{180BBB5B-6C21-41B0-8638-684118E0FB4C}.Release|Any CPU.ActiveCfg = Release|Any CPU
		{180BBB5B-6C21-41B0-8638-684118E0FB4C}.Release|Any CPU.Build.0 = Release|Any CPU
		{180BBB5B-6C21-41B0-8638-684118E0FB4C}.Release|Mixed Platforms.ActiveCfg = Release|x86
		{180BBB5B-6C21-41B0-8638-684118E0FB4C}.Release|Mixed Platforms.Build.0 = Release|x86
		{180BBB5B-6C21-41B0-8638-684118E0FB4C}.Release|x86.ActiveCfg = Release|x86
		{180BBB5B-6C21-41B0-8638-684118E0FB4C}.Release|x86.Build.0 = Release|x86
		{180BBB5B-6C21-41B0-8638-684118E0FB4C}.Website Only|.NET.ActiveCfg = Website Only|x86
		{180BBB5B-6C21-41B0-8638-684118E0FB4C}.Website Only|Any CPU.ActiveCfg = Website Only|Any CPU
		{180BBB5B-6C21-41B0-8638-684118E0FB4C}.Website Only|Any CPU.Build.0 = Website Only|Any CPU
		{180BBB5B-6C21-41B0-8638-684118E0FB4C}.Website Only|Mixed Platforms.ActiveCfg = Website Only|x86
		{180BBB5B-6C21-41B0-8638-684118E0FB4C}.Website Only|Mixed Platforms.Build.0 = Website Only|x86
		{180BBB5B-6C21-41B0-8638-684118E0FB4C}.Website Only|x86.ActiveCfg = Website Only|x86
		{180BBB5B-6C21-41B0-8638-684118E0FB4C}.Website Only|x86.Build.0 = Website Only|x86
		{0CF1249C-E804-497C-8D4B-EDE8B48E6E04}.All x86|.NET.ActiveCfg = Website Only|x86
		{0CF1249C-E804-497C-8D4B-EDE8B48E6E04}.All x86|Any CPU.ActiveCfg = Website Only|x86
		{0CF1249C-E804-497C-8D4B-EDE8B48E6E04}.All x86|Mixed Platforms.ActiveCfg = Website Only|x86
		{0CF1249C-E804-497C-8D4B-EDE8B48E6E04}.All x86|x86.ActiveCfg = Website Only|x86
		{0CF1249C-E804-497C-8D4B-EDE8B48E6E04}.All x86|x86.Build.0 = Website Only|x86
		{0CF1249C-E804-497C-8D4B-EDE8B48E6E04}.Debug|.NET.ActiveCfg = Debug|x86
		{0CF1249C-E804-497C-8D4B-EDE8B48E6E04}.Debug|Any CPU.ActiveCfg = Debug|Any CPU
		{0CF1249C-E804-497C-8D4B-EDE8B48E6E04}.Debug|Any CPU.Build.0 = Debug|Any CPU
		{0CF1249C-E804-497C-8D4B-EDE8B48E6E04}.Debug|Mixed Platforms.ActiveCfg = Debug|x86
		{0CF1249C-E804-497C-8D4B-EDE8B48E6E04}.Debug|x86.ActiveCfg = Debug|x86
		{0CF1249C-E804-497C-8D4B-EDE8B48E6E04}.LetterTemplates|.NET.ActiveCfg = Website Only|x86
		{0CF1249C-E804-497C-8D4B-EDE8B48E6E04}.LetterTemplates|Any CPU.ActiveCfg = Website Only|x86
		{0CF1249C-E804-497C-8D4B-EDE8B48E6E04}.LetterTemplates|Mixed Platforms.ActiveCfg = Website Only|x86
		{0CF1249C-E804-497C-8D4B-EDE8B48E6E04}.LetterTemplates|Mixed Platforms.Build.0 = Website Only|x86
		{0CF1249C-E804-497C-8D4B-EDE8B48E6E04}.LetterTemplates|x86.ActiveCfg = Website Only|x86
		{0CF1249C-E804-497C-8D4B-EDE8B48E6E04}.LetterTemplates|x86.Build.0 = Website Only|x86
		{0CF1249C-E804-497C-8D4B-EDE8B48E6E04}.Release|.NET.ActiveCfg = Release|x86
		{0CF1249C-E804-497C-8D4B-EDE8B48E6E04}.Release|Any CPU.ActiveCfg = Release|Any CPU
		{0CF1249C-E804-497C-8D4B-EDE8B48E6E04}.Release|Any CPU.Build.0 = Release|Any CPU
		{0CF1249C-E804-497C-8D4B-EDE8B48E6E04}.Release|Mixed Platforms.ActiveCfg = Release|x86
		{0CF1249C-E804-497C-8D4B-EDE8B48E6E04}.Release|Mixed Platforms.Build.0 = Release|x86
		{0CF1249C-E804-497C-8D4B-EDE8B48E6E04}.Release|x86.ActiveCfg = Release|x86
		{0CF1249C-E804-497C-8D4B-EDE8B48E6E04}.Release|x86.Build.0 = Release|x86
		{0CF1249C-E804-497C-8D4B-EDE8B48E6E04}.Website Only|.NET.ActiveCfg = Website Only|x86
		{0CF1249C-E804-497C-8D4B-EDE8B48E6E04}.Website Only|Any CPU.ActiveCfg = Website Only|Any CPU
		{0CF1249C-E804-497C-8D4B-EDE8B48E6E04}.Website Only|Any CPU.Build.0 = Website Only|Any CPU
		{0CF1249C-E804-497C-8D4B-EDE8B48E6E04}.Website Only|Mixed Platforms.ActiveCfg = Website Only|x86
		{0CF1249C-E804-497C-8D4B-EDE8B48E6E04}.Website Only|Mixed Platforms.Build.0 = Website Only|x86
		{0CF1249C-E804-497C-8D4B-EDE8B48E6E04}.Website Only|x86.ActiveCfg = Website Only|x86
		{0CF1249C-E804-497C-8D4B-EDE8B48E6E04}.Website Only|x86.Build.0 = Website Only|x86
		{580E8EF5-933B-4C97-ADD1-EA2724DAF300}.All x86|.NET.ActiveCfg = Website Only|x86
		{580E8EF5-933B-4C97-ADD1-EA2724DAF300}.All x86|Any CPU.ActiveCfg = Website Only|x86
		{580E8EF5-933B-4C97-ADD1-EA2724DAF300}.All x86|Mixed Platforms.ActiveCfg = Website Only|x86
		{580E8EF5-933B-4C97-ADD1-EA2724DAF300}.All x86|x86.ActiveCfg = Website Only|x86
		{580E8EF5-933B-4C97-ADD1-EA2724DAF300}.All x86|x86.Build.0 = Website Only|x86
		{580E8EF5-933B-4C97-ADD1-EA2724DAF300}.Debug|.NET.ActiveCfg = Debug|x86
		{580E8EF5-933B-4C97-ADD1-EA2724DAF300}.Debug|Any CPU.ActiveCfg = Debug|Any CPU
		{580E8EF5-933B-4C97-ADD1-EA2724DAF300}.Debug|Any CPU.Build.0 = Debug|Any CPU
		{580E8EF5-933B-4C97-ADD1-EA2724DAF300}.Debug|Mixed Platforms.ActiveCfg = Debug|x86
		{580E8EF5-933B-4C97-ADD1-EA2724DAF300}.Debug|x86.ActiveCfg = Debug|x86
		{580E8EF5-933B-4C97-ADD1-EA2724DAF300}.Debug|x86.Build.0 = Debug|x86
		{580E8EF5-933B-4C97-ADD1-EA2724DAF300}.LetterTemplates|.NET.ActiveCfg = Website Only|x86
		{580E8EF5-933B-4C97-ADD1-EA2724DAF300}.LetterTemplates|Any CPU.ActiveCfg = Website Only|x86
		{580E8EF5-933B-4C97-ADD1-EA2724DAF300}.LetterTemplates|Mixed Platforms.ActiveCfg = Website Only|x86
		{580E8EF5-933B-4C97-ADD1-EA2724DAF300}.LetterTemplates|Mixed Platforms.Build.0 = Website Only|x86
		{580E8EF5-933B-4C97-ADD1-EA2724DAF300}.LetterTemplates|x86.ActiveCfg = Website Only|x86
		{580E8EF5-933B-4C97-ADD1-EA2724DAF300}.LetterTemplates|x86.Build.0 = Website Only|x86
		{580E8EF5-933B-4C97-ADD1-EA2724DAF300}.Release|.NET.ActiveCfg = Release|x86
		{580E8EF5-933B-4C97-ADD1-EA2724DAF300}.Release|Any CPU.ActiveCfg = Release|Any CPU
		{580E8EF5-933B-4C97-ADD1-EA2724DAF300}.Release|Any CPU.Build.0 = Release|Any CPU
		{580E8EF5-933B-4C97-ADD1-EA2724DAF300}.Release|Mixed Platforms.ActiveCfg = Release|x86
		{580E8EF5-933B-4C97-ADD1-EA2724DAF300}.Release|Mixed Platforms.Build.0 = Release|x86
		{580E8EF5-933B-4C97-ADD1-EA2724DAF300}.Release|x86.ActiveCfg = Release|x86
		{580E8EF5-933B-4C97-ADD1-EA2724DAF300}.Release|x86.Build.0 = Release|x86
		{580E8EF5-933B-4C97-ADD1-EA2724DAF300}.Website Only|.NET.ActiveCfg = Website Only|x86
		{580E8EF5-933B-4C97-ADD1-EA2724DAF300}.Website Only|Any CPU.ActiveCfg = Website Only|Any CPU
		{580E8EF5-933B-4C97-ADD1-EA2724DAF300}.Website Only|Any CPU.Build.0 = Website Only|Any CPU
		{580E8EF5-933B-4C97-ADD1-EA2724DAF300}.Website Only|Mixed Platforms.ActiveCfg = Website Only|x86
		{580E8EF5-933B-4C97-ADD1-EA2724DAF300}.Website Only|Mixed Platforms.Build.0 = Website Only|x86
		{580E8EF5-933B-4C97-ADD1-EA2724DAF300}.Website Only|x86.ActiveCfg = Website Only|x86
		{580E8EF5-933B-4C97-ADD1-EA2724DAF300}.Website Only|x86.Build.0 = Website Only|x86
		{DC42C55C-CB8E-4756-BB0D-6B62240074E6}.All x86|.NET.ActiveCfg = Debug|Any CPU
		{DC42C55C-CB8E-4756-BB0D-6B62240074E6}.All x86|Any CPU.ActiveCfg = Debug|Any CPU
		{DC42C55C-CB8E-4756-BB0D-6B62240074E6}.All x86|Any CPU.Build.0 = Debug|Any CPU
		{DC42C55C-CB8E-4756-BB0D-6B62240074E6}.All x86|Mixed Platforms.ActiveCfg = Debug|Any CPU
		{DC42C55C-CB8E-4756-BB0D-6B62240074E6}.All x86|Mixed Platforms.Build.0 = Debug|Any CPU
		{DC42C55C-CB8E-4756-BB0D-6B62240074E6}.All x86|x86.ActiveCfg = Debug|Any CPU
		{DC42C55C-CB8E-4756-BB0D-6B62240074E6}.Debug|.NET.ActiveCfg = Debug|Any CPU
		{DC42C55C-CB8E-4756-BB0D-6B62240074E6}.Debug|Any CPU.ActiveCfg = Debug|Any CPU
		{DC42C55C-CB8E-4756-BB0D-6B62240074E6}.Debug|Any CPU.Build.0 = Debug|Any CPU
		{DC42C55C-CB8E-4756-BB0D-6B62240074E6}.Debug|Mixed Platforms.ActiveCfg = Debug|Any CPU
		{DC42C55C-CB8E-4756-BB0D-6B62240074E6}.Debug|x86.ActiveCfg = Debug|Any CPU
		{DC42C55C-CB8E-4756-BB0D-6B62240074E6}.LetterTemplates|.NET.ActiveCfg = Debug|Any CPU
		{DC42C55C-CB8E-4756-BB0D-6B62240074E6}.LetterTemplates|Any CPU.ActiveCfg = Debug|Any CPU
		{DC42C55C-CB8E-4756-BB0D-6B62240074E6}.LetterTemplates|Any CPU.Build.0 = Debug|Any CPU
		{DC42C55C-CB8E-4756-BB0D-6B62240074E6}.LetterTemplates|Mixed Platforms.ActiveCfg = Debug|Any CPU
		{DC42C55C-CB8E-4756-BB0D-6B62240074E6}.LetterTemplates|Mixed Platforms.Build.0 = Debug|Any CPU
		{DC42C55C-CB8E-4756-BB0D-6B62240074E6}.LetterTemplates|x86.ActiveCfg = Debug|Any CPU
		{DC42C55C-CB8E-4756-BB0D-6B62240074E6}.Release|.NET.ActiveCfg = Debug|Any CPU
		{DC42C55C-CB8E-4756-BB0D-6B62240074E6}.Release|Any CPU.ActiveCfg = Debug|Any CPU
		{DC42C55C-CB8E-4756-BB0D-6B62240074E6}.Release|Any CPU.Build.0 = Debug|Any CPU
		{DC42C55C-CB8E-4756-BB0D-6B62240074E6}.Release|Mixed Platforms.ActiveCfg = Debug|Any CPU
		{DC42C55C-CB8E-4756-BB0D-6B62240074E6}.Release|Mixed Platforms.Build.0 = Debug|Any CPU
		{DC42C55C-CB8E-4756-BB0D-6B62240074E6}.Release|x86.ActiveCfg = Debug|Any CPU
		{DC42C55C-CB8E-4756-BB0D-6B62240074E6}.Website Only|.NET.ActiveCfg = Debug|Any CPU
		{DC42C55C-CB8E-4756-BB0D-6B62240074E6}.Website Only|Any CPU.ActiveCfg = Debug|Any CPU
		{DC42C55C-CB8E-4756-BB0D-6B62240074E6}.Website Only|Any CPU.Build.0 = Debug|Any CPU
		{DC42C55C-CB8E-4756-BB0D-6B62240074E6}.Website Only|Mixed Platforms.ActiveCfg = Debug|Any CPU
		{DC42C55C-CB8E-4756-BB0D-6B62240074E6}.Website Only|Mixed Platforms.Build.0 = Debug|Any CPU
		{DC42C55C-CB8E-4756-BB0D-6B62240074E6}.Website Only|x86.ActiveCfg = Debug|Any CPU
		{B87DAC64-BCEA-4D2A-90B2-FF507A5DF0BB}.All x86|.NET.ActiveCfg = Debug|Any CPU
		{B87DAC64-BCEA-4D2A-90B2-FF507A5DF0BB}.All x86|Any CPU.ActiveCfg = Debug|Any CPU
		{B87DAC64-BCEA-4D2A-90B2-FF507A5DF0BB}.All x86|Any CPU.Build.0 = Debug|Any CPU
		{B87DAC64-BCEA-4D2A-90B2-FF507A5DF0BB}.All x86|Mixed Platforms.ActiveCfg = Debug|Any CPU
		{B87DAC64-BCEA-4D2A-90B2-FF507A5DF0BB}.All x86|Mixed Platforms.Build.0 = Debug|Any CPU
		{B87DAC64-BCEA-4D2A-90B2-FF507A5DF0BB}.All x86|x86.ActiveCfg = Debug|Any CPU
		{B87DAC64-BCEA-4D2A-90B2-FF507A5DF0BB}.Debug|.NET.ActiveCfg = Debug|Any CPU
		{B87DAC64-BCEA-4D2A-90B2-FF507A5DF0BB}.Debug|Any CPU.ActiveCfg = Debug|Any CPU
		{B87DAC64-BCEA-4D2A-90B2-FF507A5DF0BB}.Debug|Any CPU.Build.0 = Debug|Any CPU
		{B87DAC64-BCEA-4D2A-90B2-FF507A5DF0BB}.Debug|Mixed Platforms.ActiveCfg = Debug|Any CPU
		{B87DAC64-BCEA-4D2A-90B2-FF507A5DF0BB}.Debug|x86.ActiveCfg = Debug|Any CPU
		{B87DAC64-BCEA-4D2A-90B2-FF507A5DF0BB}.LetterTemplates|.NET.ActiveCfg = Debug|Any CPU
		{B87DAC64-BCEA-4D2A-90B2-FF507A5DF0BB}.LetterTemplates|Any CPU.ActiveCfg = Debug|Any CPU
		{B87DAC64-BCEA-4D2A-90B2-FF507A5DF0BB}.LetterTemplates|Any CPU.Build.0 = Debug|Any CPU
		{B87DAC64-BCEA-4D2A-90B2-FF507A5DF0BB}.LetterTemplates|Mixed Platforms.ActiveCfg = Debug|Any CPU
		{B87DAC64-BCEA-4D2A-90B2-FF507A5DF0BB}.LetterTemplates|Mixed Platforms.Build.0 = Debug|Any CPU
		{B87DAC64-BCEA-4D2A-90B2-FF507A5DF0BB}.LetterTemplates|x86.ActiveCfg = Debug|Any CPU
		{B87DAC64-BCEA-4D2A-90B2-FF507A5DF0BB}.Release|.NET.ActiveCfg = Debug|Any CPU
		{B87DAC64-BCEA-4D2A-90B2-FF507A5DF0BB}.Release|Any CPU.ActiveCfg = Debug|Any CPU
		{B87DAC64-BCEA-4D2A-90B2-FF507A5DF0BB}.Release|Any CPU.Build.0 = Debug|Any CPU
		{B87DAC64-BCEA-4D2A-90B2-FF507A5DF0BB}.Release|Mixed Platforms.ActiveCfg = Debug|Any CPU
		{B87DAC64-BCEA-4D2A-90B2-FF507A5DF0BB}.Release|Mixed Platforms.Build.0 = Debug|Any CPU
		{B87DAC64-BCEA-4D2A-90B2-FF507A5DF0BB}.Release|x86.ActiveCfg = Debug|Any CPU
		{B87DAC64-BCEA-4D2A-90B2-FF507A5DF0BB}.Website Only|.NET.ActiveCfg = Debug|Any CPU
		{B87DAC64-BCEA-4D2A-90B2-FF507A5DF0BB}.Website Only|Any CPU.ActiveCfg = Debug|Any CPU
		{B87DAC64-BCEA-4D2A-90B2-FF507A5DF0BB}.Website Only|Any CPU.Build.0 = Debug|Any CPU
		{B87DAC64-BCEA-4D2A-90B2-FF507A5DF0BB}.Website Only|Mixed Platforms.ActiveCfg = Debug|Any CPU
		{B87DAC64-BCEA-4D2A-90B2-FF507A5DF0BB}.Website Only|Mixed Platforms.Build.0 = Debug|Any CPU
		{B87DAC64-BCEA-4D2A-90B2-FF507A5DF0BB}.Website Only|x86.ActiveCfg = Debug|Any CPU
		{813C4EC5-48A9-4BEE-A01F-D5903497B95B}.All x86|.NET.ActiveCfg = Release|x86
		{813C4EC5-48A9-4BEE-A01F-D5903497B95B}.All x86|Any CPU.ActiveCfg = Release|x86
		{813C4EC5-48A9-4BEE-A01F-D5903497B95B}.All x86|Mixed Platforms.ActiveCfg = Release|x86
		{813C4EC5-48A9-4BEE-A01F-D5903497B95B}.All x86|Mixed Platforms.Build.0 = Release|x86
		{813C4EC5-48A9-4BEE-A01F-D5903497B95B}.All x86|x86.ActiveCfg = Release|x86
		{813C4EC5-48A9-4BEE-A01F-D5903497B95B}.All x86|x86.Build.0 = Release|x86
		{813C4EC5-48A9-4BEE-A01F-D5903497B95B}.Debug|.NET.ActiveCfg = Debug|x86
		{813C4EC5-48A9-4BEE-A01F-D5903497B95B}.Debug|Any CPU.ActiveCfg = Debug|x86
		{813C4EC5-48A9-4BEE-A01F-D5903497B95B}.Debug|Mixed Platforms.ActiveCfg = Debug|x86
		{813C4EC5-48A9-4BEE-A01F-D5903497B95B}.Debug|x86.ActiveCfg = Debug|x86
		{813C4EC5-48A9-4BEE-A01F-D5903497B95B}.Debug|x86.Build.0 = Debug|x86
		{813C4EC5-48A9-4BEE-A01F-D5903497B95B}.LetterTemplates|.NET.ActiveCfg = Release|x86
		{813C4EC5-48A9-4BEE-A01F-D5903497B95B}.LetterTemplates|Any CPU.ActiveCfg = Release|x86
		{813C4EC5-48A9-4BEE-A01F-D5903497B95B}.LetterTemplates|Mixed Platforms.ActiveCfg = Release|x86
		{813C4EC5-48A9-4BEE-A01F-D5903497B95B}.LetterTemplates|Mixed Platforms.Build.0 = Release|x86
		{813C4EC5-48A9-4BEE-A01F-D5903497B95B}.LetterTemplates|x86.ActiveCfg = Release|x86
		{813C4EC5-48A9-4BEE-A01F-D5903497B95B}.LetterTemplates|x86.Build.0 = Release|x86
		{813C4EC5-48A9-4BEE-A01F-D5903497B95B}.Release|.NET.ActiveCfg = Release|x86
		{813C4EC5-48A9-4BEE-A01F-D5903497B95B}.Release|Any CPU.ActiveCfg = Release|x86
		{813C4EC5-48A9-4BEE-A01F-D5903497B95B}.Release|Mixed Platforms.ActiveCfg = Release|x86
		{813C4EC5-48A9-4BEE-A01F-D5903497B95B}.Release|Mixed Platforms.Build.0 = Release|x86
		{813C4EC5-48A9-4BEE-A01F-D5903497B95B}.Release|x86.ActiveCfg = Release|x86
		{813C4EC5-48A9-4BEE-A01F-D5903497B95B}.Release|x86.Build.0 = Release|x86
		{813C4EC5-48A9-4BEE-A01F-D5903497B95B}.Website Only|.NET.ActiveCfg = Release|x86
		{813C4EC5-48A9-4BEE-A01F-D5903497B95B}.Website Only|Any CPU.ActiveCfg = Release|x86
		{813C4EC5-48A9-4BEE-A01F-D5903497B95B}.Website Only|Mixed Platforms.ActiveCfg = Release|x86
		{813C4EC5-48A9-4BEE-A01F-D5903497B95B}.Website Only|Mixed Platforms.Build.0 = Release|x86
		{813C4EC5-48A9-4BEE-A01F-D5903497B95B}.Website Only|x86.ActiveCfg = Release|x86
		{813C4EC5-48A9-4BEE-A01F-D5903497B95B}.Website Only|x86.Build.0 = Release|x86
		{C94CA61E-BE3F-49EA-9830-351152E86259}.All x86|.NET.ActiveCfg = LetterTemplates|Any CPU
		{C94CA61E-BE3F-49EA-9830-351152E86259}.All x86|Any CPU.ActiveCfg = LetterTemplates|Any CPU
		{C94CA61E-BE3F-49EA-9830-351152E86259}.All x86|Any CPU.Build.0 = LetterTemplates|Any CPU
		{C94CA61E-BE3F-49EA-9830-351152E86259}.All x86|Mixed Platforms.ActiveCfg = LetterTemplates|Any CPU
		{C94CA61E-BE3F-49EA-9830-351152E86259}.All x86|Mixed Platforms.Build.0 = LetterTemplates|Any CPU
		{C94CA61E-BE3F-49EA-9830-351152E86259}.All x86|x86.ActiveCfg = LetterTemplates|Any CPU
		{C94CA61E-BE3F-49EA-9830-351152E86259}.Debug|.NET.ActiveCfg = Debug|Any CPU
		{C94CA61E-BE3F-49EA-9830-351152E86259}.Debug|Any CPU.ActiveCfg = Debug|Any CPU
		{C94CA61E-BE3F-49EA-9830-351152E86259}.Debug|Any CPU.Build.0 = Debug|Any CPU
		{C94CA61E-BE3F-49EA-9830-351152E86259}.Debug|Mixed Platforms.ActiveCfg = Debug|Any CPU
		{C94CA61E-BE3F-49EA-9830-351152E86259}.Debug|Mixed Platforms.Build.0 = Debug|Any CPU
		{C94CA61E-BE3F-49EA-9830-351152E86259}.Debug|x86.ActiveCfg = Debug|Any CPU
		{C94CA61E-BE3F-49EA-9830-351152E86259}.LetterTemplates|.NET.ActiveCfg = LetterTemplates|Any CPU
		{C94CA61E-BE3F-49EA-9830-351152E86259}.LetterTemplates|Any CPU.ActiveCfg = LetterTemplates|Any CPU
		{C94CA61E-BE3F-49EA-9830-351152E86259}.LetterTemplates|Any CPU.Build.0 = LetterTemplates|Any CPU
		{C94CA61E-BE3F-49EA-9830-351152E86259}.LetterTemplates|Mixed Platforms.ActiveCfg = LetterTemplates|Any CPU
		{C94CA61E-BE3F-49EA-9830-351152E86259}.LetterTemplates|Mixed Platforms.Build.0 = LetterTemplates|Any CPU
		{C94CA61E-BE3F-49EA-9830-351152E86259}.LetterTemplates|x86.ActiveCfg = LetterTemplates|Any CPU
		{C94CA61E-BE3F-49EA-9830-351152E86259}.Release|.NET.ActiveCfg = Release|Any CPU
		{C94CA61E-BE3F-49EA-9830-351152E86259}.Release|Any CPU.ActiveCfg = Release|Any CPU
		{C94CA61E-BE3F-49EA-9830-351152E86259}.Release|Any CPU.Build.0 = Release|Any CPU
		{C94CA61E-BE3F-49EA-9830-351152E86259}.Release|Mixed Platforms.ActiveCfg = Release|Any CPU
		{C94CA61E-BE3F-49EA-9830-351152E86259}.Release|Mixed Platforms.Build.0 = Release|Any CPU
		{C94CA61E-BE3F-49EA-9830-351152E86259}.Release|x86.ActiveCfg = Release|Any CPU
		{C94CA61E-BE3F-49EA-9830-351152E86259}.Website Only|.NET.ActiveCfg = LetterTemplates|Any CPU
		{C94CA61E-BE3F-49EA-9830-351152E86259}.Website Only|Any CPU.ActiveCfg = LetterTemplates|Any CPU
		{C94CA61E-BE3F-49EA-9830-351152E86259}.Website Only|Any CPU.Build.0 = LetterTemplates|Any CPU
		{C94CA61E-BE3F-49EA-9830-351152E86259}.Website Only|Mixed Platforms.ActiveCfg = LetterTemplates|Any CPU
		{C94CA61E-BE3F-49EA-9830-351152E86259}.Website Only|Mixed Platforms.Build.0 = LetterTemplates|Any CPU
		{C94CA61E-BE3F-49EA-9830-351152E86259}.Website Only|x86.ActiveCfg = LetterTemplates|Any CPU
		{EA129AFC-CD8A-4910-8EC7-C7794980F2EF}.All x86|.NET.ActiveCfg = Release|x86
		{EA129AFC-CD8A-4910-8EC7-C7794980F2EF}.All x86|Any CPU.ActiveCfg = Release|x86
		{EA129AFC-CD8A-4910-8EC7-C7794980F2EF}.All x86|Mixed Platforms.ActiveCfg = Release|x86
		{EA129AFC-CD8A-4910-8EC7-C7794980F2EF}.All x86|Mixed Platforms.Build.0 = Release|x86
		{EA129AFC-CD8A-4910-8EC7-C7794980F2EF}.All x86|x86.ActiveCfg = Release|x86
		{EA129AFC-CD8A-4910-8EC7-C7794980F2EF}.All x86|x86.Build.0 = Release|x86
		{EA129AFC-CD8A-4910-8EC7-C7794980F2EF}.Debug|.NET.ActiveCfg = Debug|x86
		{EA129AFC-CD8A-4910-8EC7-C7794980F2EF}.Debug|Any CPU.ActiveCfg = Debug|x86
		{EA129AFC-CD8A-4910-8EC7-C7794980F2EF}.Debug|Mixed Platforms.ActiveCfg = Debug|x86
		{EA129AFC-CD8A-4910-8EC7-C7794980F2EF}.Debug|Mixed Platforms.Build.0 = Debug|x86
		{EA129AFC-CD8A-4910-8EC7-C7794980F2EF}.Debug|x86.ActiveCfg = Debug|x86
		{EA129AFC-CD8A-4910-8EC7-C7794980F2EF}.Debug|x86.Build.0 = Debug|x86
		{EA129AFC-CD8A-4910-8EC7-C7794980F2EF}.LetterTemplates|.NET.ActiveCfg = Release|x86
		{EA129AFC-CD8A-4910-8EC7-C7794980F2EF}.LetterTemplates|Any CPU.ActiveCfg = Release|x86
		{EA129AFC-CD8A-4910-8EC7-C7794980F2EF}.LetterTemplates|Mixed Platforms.ActiveCfg = Release|x86
		{EA129AFC-CD8A-4910-8EC7-C7794980F2EF}.LetterTemplates|Mixed Platforms.Build.0 = Release|x86
		{EA129AFC-CD8A-4910-8EC7-C7794980F2EF}.LetterTemplates|x86.ActiveCfg = Release|x86
		{EA129AFC-CD8A-4910-8EC7-C7794980F2EF}.LetterTemplates|x86.Build.0 = Release|x86
		{EA129AFC-CD8A-4910-8EC7-C7794980F2EF}.Release|.NET.ActiveCfg = Release|x86
		{EA129AFC-CD8A-4910-8EC7-C7794980F2EF}.Release|Any CPU.ActiveCfg = Release|x86
		{EA129AFC-CD8A-4910-8EC7-C7794980F2EF}.Release|Mixed Platforms.ActiveCfg = Release|x86
		{EA129AFC-CD8A-4910-8EC7-C7794980F2EF}.Release|Mixed Platforms.Build.0 = Release|x86
		{EA129AFC-CD8A-4910-8EC7-C7794980F2EF}.Release|x86.ActiveCfg = Release|x86
		{EA129AFC-CD8A-4910-8EC7-C7794980F2EF}.Release|x86.Build.0 = Release|x86
		{EA129AFC-CD8A-4910-8EC7-C7794980F2EF}.Website Only|.NET.ActiveCfg = Release|x86
		{EA129AFC-CD8A-4910-8EC7-C7794980F2EF}.Website Only|Any CPU.ActiveCfg = Release|x86
		{EA129AFC-CD8A-4910-8EC7-C7794980F2EF}.Website Only|Mixed Platforms.ActiveCfg = Release|x86
		{EA129AFC-CD8A-4910-8EC7-C7794980F2EF}.Website Only|Mixed Platforms.Build.0 = Release|x86
		{EA129AFC-CD8A-4910-8EC7-C7794980F2EF}.Website Only|x86.ActiveCfg = Release|x86
		{EA129AFC-CD8A-4910-8EC7-C7794980F2EF}.Website Only|x86.Build.0 = Release|x86
		{9050B0D7-0278-439C-8F42-EA6DA78FE0C3}.All x86|.NET.ActiveCfg = Release|x86
		{9050B0D7-0278-439C-8F42-EA6DA78FE0C3}.All x86|Any CPU.ActiveCfg = Release|x86
		{9050B0D7-0278-439C-8F42-EA6DA78FE0C3}.All x86|Mixed Platforms.ActiveCfg = Release|x86
		{9050B0D7-0278-439C-8F42-EA6DA78FE0C3}.All x86|Mixed Platforms.Build.0 = Release|x86
		{9050B0D7-0278-439C-8F42-EA6DA78FE0C3}.All x86|x86.ActiveCfg = Release|x86
		{9050B0D7-0278-439C-8F42-EA6DA78FE0C3}.All x86|x86.Build.0 = Release|x86
		{9050B0D7-0278-439C-8F42-EA6DA78FE0C3}.Debug|.NET.ActiveCfg = Debug|x86
		{9050B0D7-0278-439C-8F42-EA6DA78FE0C3}.Debug|Any CPU.ActiveCfg = Debug|x86
		{9050B0D7-0278-439C-8F42-EA6DA78FE0C3}.Debug|Mixed Platforms.ActiveCfg = Debug|x86
		{9050B0D7-0278-439C-8F42-EA6DA78FE0C3}.Debug|Mixed Platforms.Build.0 = Debug|x86
		{9050B0D7-0278-439C-8F42-EA6DA78FE0C3}.Debug|x86.ActiveCfg = Debug|x86
		{9050B0D7-0278-439C-8F42-EA6DA78FE0C3}.Debug|x86.Build.0 = Debug|x86
		{9050B0D7-0278-439C-8F42-EA6DA78FE0C3}.LetterTemplates|.NET.ActiveCfg = Release|x86
		{9050B0D7-0278-439C-8F42-EA6DA78FE0C3}.LetterTemplates|Any CPU.ActiveCfg = Release|x86
		{9050B0D7-0278-439C-8F42-EA6DA78FE0C3}.LetterTemplates|Mixed Platforms.ActiveCfg = Release|x86
		{9050B0D7-0278-439C-8F42-EA6DA78FE0C3}.LetterTemplates|Mixed Platforms.Build.0 = Release|x86
		{9050B0D7-0278-439C-8F42-EA6DA78FE0C3}.LetterTemplates|x86.ActiveCfg = Release|x86
		{9050B0D7-0278-439C-8F42-EA6DA78FE0C3}.LetterTemplates|x86.Build.0 = Release|x86
		{9050B0D7-0278-439C-8F42-EA6DA78FE0C3}.Release|.NET.ActiveCfg = Release|x86
		{9050B0D7-0278-439C-8F42-EA6DA78FE0C3}.Release|Any CPU.ActiveCfg = Release|x86
		{9050B0D7-0278-439C-8F42-EA6DA78FE0C3}.Release|Mixed Platforms.ActiveCfg = Release|x86
		{9050B0D7-0278-439C-8F42-EA6DA78FE0C3}.Release|Mixed Platforms.Build.0 = Release|x86
		{9050B0D7-0278-439C-8F42-EA6DA78FE0C3}.Release|x86.ActiveCfg = Release|x86
		{9050B0D7-0278-439C-8F42-EA6DA78FE0C3}.Release|x86.Build.0 = Release|x86
		{9050B0D7-0278-439C-8F42-EA6DA78FE0C3}.Website Only|.NET.ActiveCfg = Release|x86
		{9050B0D7-0278-439C-8F42-EA6DA78FE0C3}.Website Only|Any CPU.ActiveCfg = Release|x86
		{9050B0D7-0278-439C-8F42-EA6DA78FE0C3}.Website Only|Mixed Platforms.ActiveCfg = Release|x86
		{9050B0D7-0278-439C-8F42-EA6DA78FE0C3}.Website Only|Mixed Platforms.Build.0 = Release|x86
		{9050B0D7-0278-439C-8F42-EA6DA78FE0C3}.Website Only|x86.ActiveCfg = Release|x86
		{9050B0D7-0278-439C-8F42-EA6DA78FE0C3}.Website Only|x86.Build.0 = Release|x86
		{BE362EDC-76F4-42D6-9693-8D05F4908574}.All x86|.NET.ActiveCfg = Release|x86
		{BE362EDC-76F4-42D6-9693-8D05F4908574}.All x86|Any CPU.ActiveCfg = Release|x86
		{BE362EDC-76F4-42D6-9693-8D05F4908574}.All x86|Mixed Platforms.ActiveCfg = Release|x86
		{BE362EDC-76F4-42D6-9693-8D05F4908574}.All x86|Mixed Platforms.Build.0 = Release|x86
		{BE362EDC-76F4-42D6-9693-8D05F4908574}.All x86|x86.ActiveCfg = Release|x86
		{BE362EDC-76F4-42D6-9693-8D05F4908574}.All x86|x86.Build.0 = Release|x86
		{BE362EDC-76F4-42D6-9693-8D05F4908574}.Debug|.NET.ActiveCfg = Debug|x86
		{BE362EDC-76F4-42D6-9693-8D05F4908574}.Debug|Any CPU.ActiveCfg = Debug|x86
		{BE362EDC-76F4-42D6-9693-8D05F4908574}.Debug|Mixed Platforms.ActiveCfg = Debug|x86
		{BE362EDC-76F4-42D6-9693-8D05F4908574}.Debug|Mixed Platforms.Build.0 = Debug|x86
		{BE362EDC-76F4-42D6-9693-8D05F4908574}.Debug|x86.ActiveCfg = Debug|x86
		{BE362EDC-76F4-42D6-9693-8D05F4908574}.Debug|x86.Build.0 = Debug|x86
		{BE362EDC-76F4-42D6-9693-8D05F4908574}.LetterTemplates|.NET.ActiveCfg = Release|x86
		{BE362EDC-76F4-42D6-9693-8D05F4908574}.LetterTemplates|Any CPU.ActiveCfg = Release|x86
		{BE362EDC-76F4-42D6-9693-8D05F4908574}.LetterTemplates|Mixed Platforms.ActiveCfg = Release|x86
		{BE362EDC-76F4-42D6-9693-8D05F4908574}.LetterTemplates|Mixed Platforms.Build.0 = Release|x86
		{BE362EDC-76F4-42D6-9693-8D05F4908574}.LetterTemplates|x86.ActiveCfg = Release|x86
		{BE362EDC-76F4-42D6-9693-8D05F4908574}.LetterTemplates|x86.Build.0 = Release|x86
		{BE362EDC-76F4-42D6-9693-8D05F4908574}.Release|.NET.ActiveCfg = Release|x86
		{BE362EDC-76F4-42D6-9693-8D05F4908574}.Release|Any CPU.ActiveCfg = Release|x86
		{BE362EDC-76F4-42D6-9693-8D05F4908574}.Release|Mixed Platforms.ActiveCfg = Release|x86
		{BE362EDC-76F4-42D6-9693-8D05F4908574}.Release|Mixed Platforms.Build.0 = Release|x86
		{BE362EDC-76F4-42D6-9693-8D05F4908574}.Release|x86.ActiveCfg = Release|x86
		{BE362EDC-76F4-42D6-9693-8D05F4908574}.Release|x86.Build.0 = Release|x86
		{BE362EDC-76F4-42D6-9693-8D05F4908574}.Website Only|.NET.ActiveCfg = Release|x86
		{BE362EDC-76F4-42D6-9693-8D05F4908574}.Website Only|Any CPU.ActiveCfg = Release|x86
		{BE362EDC-76F4-42D6-9693-8D05F4908574}.Website Only|Mixed Platforms.ActiveCfg = Release|x86
		{BE362EDC-76F4-42D6-9693-8D05F4908574}.Website Only|Mixed Platforms.Build.0 = Release|x86
		{BE362EDC-76F4-42D6-9693-8D05F4908574}.Website Only|x86.ActiveCfg = Release|x86
		{BE362EDC-76F4-42D6-9693-8D05F4908574}.Website Only|x86.Build.0 = Release|x86
		{3C43B350-E4C9-489E-B20E-0D66B20B4FFF}.All x86|.NET.ActiveCfg = Release|x86
		{3C43B350-E4C9-489E-B20E-0D66B20B4FFF}.All x86|Any CPU.ActiveCfg = Release|x86
		{3C43B350-E4C9-489E-B20E-0D66B20B4FFF}.All x86|Mixed Platforms.ActiveCfg = Release|x86
		{3C43B350-E4C9-489E-B20E-0D66B20B4FFF}.All x86|Mixed Platforms.Build.0 = Release|x86
		{3C43B350-E4C9-489E-B20E-0D66B20B4FFF}.All x86|x86.ActiveCfg = Release|x86
		{3C43B350-E4C9-489E-B20E-0D66B20B4FFF}.All x86|x86.Build.0 = Release|x86
		{3C43B350-E4C9-489E-B20E-0D66B20B4FFF}.Debug|.NET.ActiveCfg = Debug|x86
		{3C43B350-E4C9-489E-B20E-0D66B20B4FFF}.Debug|Any CPU.ActiveCfg = Debug|x86
		{3C43B350-E4C9-489E-B20E-0D66B20B4FFF}.Debug|Mixed Platforms.ActiveCfg = Debug|x86
		{3C43B350-E4C9-489E-B20E-0D66B20B4FFF}.Debug|Mixed Platforms.Build.0 = Debug|x86
		{3C43B350-E4C9-489E-B20E-0D66B20B4FFF}.Debug|x86.ActiveCfg = Debug|x86
		{3C43B350-E4C9-489E-B20E-0D66B20B4FFF}.Debug|x86.Build.0 = Debug|x86
		{3C43B350-E4C9-489E-B20E-0D66B20B4FFF}.LetterTemplates|.NET.ActiveCfg = Release|x86
		{3C43B350-E4C9-489E-B20E-0D66B20B4FFF}.LetterTemplates|Any CPU.ActiveCfg = Release|x86
		{3C43B350-E4C9-489E-B20E-0D66B20B4FFF}.LetterTemplates|Mixed Platforms.ActiveCfg = Release|x86
		{3C43B350-E4C9-489E-B20E-0D66B20B4FFF}.LetterTemplates|Mixed Platforms.Build.0 = Release|x86
		{3C43B350-E4C9-489E-B20E-0D66B20B4FFF}.LetterTemplates|x86.ActiveCfg = Release|x86
		{3C43B350-E4C9-489E-B20E-0D66B20B4FFF}.LetterTemplates|x86.Build.0 = Release|x86
		{3C43B350-E4C9-489E-B20E-0D66B20B4FFF}.Release|.NET.ActiveCfg = Release|x86
		{3C43B350-E4C9-489E-B20E-0D66B20B4FFF}.Release|Any CPU.ActiveCfg = Release|x86
		{3C43B350-E4C9-489E-B20E-0D66B20B4FFF}.Release|Mixed Platforms.ActiveCfg = Release|x86
		{3C43B350-E4C9-489E-B20E-0D66B20B4FFF}.Release|Mixed Platforms.Build.0 = Release|x86
		{3C43B350-E4C9-489E-B20E-0D66B20B4FFF}.Release|x86.ActiveCfg = Release|x86
		{3C43B350-E4C9-489E-B20E-0D66B20B4FFF}.Release|x86.Build.0 = Release|x86
		{3C43B350-E4C9-489E-B20E-0D66B20B4FFF}.Website Only|.NET.ActiveCfg = Release|x86
		{3C43B350-E4C9-489E-B20E-0D66B20B4FFF}.Website Only|Any CPU.ActiveCfg = Release|x86
		{3C43B350-E4C9-489E-B20E-0D66B20B4FFF}.Website Only|Mixed Platforms.ActiveCfg = Release|x86
		{3C43B350-E4C9-489E-B20E-0D66B20B4FFF}.Website Only|Mixed Platforms.Build.0 = Release|x86
		{3C43B350-E4C9-489E-B20E-0D66B20B4FFF}.Website Only|x86.ActiveCfg = Release|x86
		{3C43B350-E4C9-489E-B20E-0D66B20B4FFF}.Website Only|x86.Build.0 = Release|x86
		{57C3E1E3-27C7-4A65-BE33-217FF900856B}.All x86|.NET.ActiveCfg = Release|x86
		{57C3E1E3-27C7-4A65-BE33-217FF900856B}.All x86|Any CPU.ActiveCfg = Release|x86
		{57C3E1E3-27C7-4A65-BE33-217FF900856B}.All x86|Mixed Platforms.ActiveCfg = Release|x86
		{57C3E1E3-27C7-4A65-BE33-217FF900856B}.All x86|Mixed Platforms.Build.0 = Release|x86
		{57C3E1E3-27C7-4A65-BE33-217FF900856B}.All x86|x86.ActiveCfg = Release|x86
		{57C3E1E3-27C7-4A65-BE33-217FF900856B}.All x86|x86.Build.0 = Release|x86
		{57C3E1E3-27C7-4A65-BE33-217FF900856B}.Debug|.NET.ActiveCfg = Debug|x86
		{57C3E1E3-27C7-4A65-BE33-217FF900856B}.Debug|Any CPU.ActiveCfg = Debug|x86
		{57C3E1E3-27C7-4A65-BE33-217FF900856B}.Debug|Mixed Platforms.ActiveCfg = Debug|x86
		{57C3E1E3-27C7-4A65-BE33-217FF900856B}.Debug|Mixed Platforms.Build.0 = Debug|x86
		{57C3E1E3-27C7-4A65-BE33-217FF900856B}.Debug|x86.ActiveCfg = Debug|x86
		{57C3E1E3-27C7-4A65-BE33-217FF900856B}.Debug|x86.Build.0 = Debug|x86
		{57C3E1E3-27C7-4A65-BE33-217FF900856B}.LetterTemplates|.NET.ActiveCfg = Release|x86
		{57C3E1E3-27C7-4A65-BE33-217FF900856B}.LetterTemplates|Any CPU.ActiveCfg = Release|x86
		{57C3E1E3-27C7-4A65-BE33-217FF900856B}.LetterTemplates|Mixed Platforms.ActiveCfg = Release|x86
		{57C3E1E3-27C7-4A65-BE33-217FF900856B}.LetterTemplates|Mixed Platforms.Build.0 = Release|x86
		{57C3E1E3-27C7-4A65-BE33-217FF900856B}.LetterTemplates|x86.ActiveCfg = Release|x86
		{57C3E1E3-27C7-4A65-BE33-217FF900856B}.LetterTemplates|x86.Build.0 = Release|x86
		{57C3E1E3-27C7-4A65-BE33-217FF900856B}.Release|.NET.ActiveCfg = Release|x86
		{57C3E1E3-27C7-4A65-BE33-217FF900856B}.Release|Any CPU.ActiveCfg = Release|x86
		{57C3E1E3-27C7-4A65-BE33-217FF900856B}.Release|Mixed Platforms.ActiveCfg = Release|x86
		{57C3E1E3-27C7-4A65-BE33-217FF900856B}.Release|Mixed Platforms.Build.0 = Release|x86
		{57C3E1E3-27C7-4A65-BE33-217FF900856B}.Release|x86.ActiveCfg = Release|x86
		{57C3E1E3-27C7-4A65-BE33-217FF900856B}.Release|x86.Build.0 = Release|x86
		{57C3E1E3-27C7-4A65-BE33-217FF900856B}.Website Only|.NET.ActiveCfg = Release|x86
		{57C3E1E3-27C7-4A65-BE33-217FF900856B}.Website Only|Any CPU.ActiveCfg = Release|x86
		{57C3E1E3-27C7-4A65-BE33-217FF900856B}.Website Only|Mixed Platforms.ActiveCfg = Release|x86
		{57C3E1E3-27C7-4A65-BE33-217FF900856B}.Website Only|Mixed Platforms.Build.0 = Release|x86
		{57C3E1E3-27C7-4A65-BE33-217FF900856B}.Website Only|x86.ActiveCfg = Release|x86
		{57C3E1E3-27C7-4A65-BE33-217FF900856B}.Website Only|x86.Build.0 = Release|x86
		{01BE60B1-894B-4A7E-B87B-1D2B6AAF2F69}.All x86|.NET.ActiveCfg = Release|x86
		{01BE60B1-894B-4A7E-B87B-1D2B6AAF2F69}.All x86|Any CPU.ActiveCfg = Release|x86
		{01BE60B1-894B-4A7E-B87B-1D2B6AAF2F69}.All x86|Mixed Platforms.ActiveCfg = Release|x86
		{01BE60B1-894B-4A7E-B87B-1D2B6AAF2F69}.All x86|Mixed Platforms.Build.0 = Release|x86
		{01BE60B1-894B-4A7E-B87B-1D2B6AAF2F69}.All x86|x86.ActiveCfg = Release|x86
		{01BE60B1-894B-4A7E-B87B-1D2B6AAF2F69}.All x86|x86.Build.0 = Release|x86
		{01BE60B1-894B-4A7E-B87B-1D2B6AAF2F69}.Debug|.NET.ActiveCfg = Debug|x86
		{01BE60B1-894B-4A7E-B87B-1D2B6AAF2F69}.Debug|Any CPU.ActiveCfg = Debug|x86
		{01BE60B1-894B-4A7E-B87B-1D2B6AAF2F69}.Debug|Mixed Platforms.ActiveCfg = Debug|x86
		{01BE60B1-894B-4A7E-B87B-1D2B6AAF2F69}.Debug|Mixed Platforms.Build.0 = Debug|x86
		{01BE60B1-894B-4A7E-B87B-1D2B6AAF2F69}.Debug|x86.ActiveCfg = Debug|x86
		{01BE60B1-894B-4A7E-B87B-1D2B6AAF2F69}.Debug|x86.Build.0 = Debug|x86
		{01BE60B1-894B-4A7E-B87B-1D2B6AAF2F69}.LetterTemplates|.NET.ActiveCfg = Release|x86
		{01BE60B1-894B-4A7E-B87B-1D2B6AAF2F69}.LetterTemplates|Any CPU.ActiveCfg = Release|x86
		{01BE60B1-894B-4A7E-B87B-1D2B6AAF2F69}.LetterTemplates|Mixed Platforms.ActiveCfg = Release|x86
		{01BE60B1-894B-4A7E-B87B-1D2B6AAF2F69}.LetterTemplates|Mixed Platforms.Build.0 = Release|x86
		{01BE60B1-894B-4A7E-B87B-1D2B6AAF2F69}.LetterTemplates|x86.ActiveCfg = Release|x86
		{01BE60B1-894B-4A7E-B87B-1D2B6AAF2F69}.LetterTemplates|x86.Build.0 = Release|x86
		{01BE60B1-894B-4A7E-B87B-1D2B6AAF2F69}.Release|.NET.ActiveCfg = Release|x86
		{01BE60B1-894B-4A7E-B87B-1D2B6AAF2F69}.Release|Any CPU.ActiveCfg = Release|x86
		{01BE60B1-894B-4A7E-B87B-1D2B6AAF2F69}.Release|Mixed Platforms.ActiveCfg = Release|x86
		{01BE60B1-894B-4A7E-B87B-1D2B6AAF2F69}.Release|Mixed Platforms.Build.0 = Release|x86
		{01BE60B1-894B-4A7E-B87B-1D2B6AAF2F69}.Release|x86.ActiveCfg = Release|x86
		{01BE60B1-894B-4A7E-B87B-1D2B6AAF2F69}.Release|x86.Build.0 = Release|x86
		{01BE60B1-894B-4A7E-B87B-1D2B6AAF2F69}.Website Only|.NET.ActiveCfg = Release|x86
		{01BE60B1-894B-4A7E-B87B-1D2B6AAF2F69}.Website Only|Any CPU.ActiveCfg = Release|x86
		{01BE60B1-894B-4A7E-B87B-1D2B6AAF2F69}.Website Only|Mixed Platforms.ActiveCfg = Release|x86
		{01BE60B1-894B-4A7E-B87B-1D2B6AAF2F69}.Website Only|Mixed Platforms.Build.0 = Release|x86
		{01BE60B1-894B-4A7E-B87B-1D2B6AAF2F69}.Website Only|x86.ActiveCfg = Release|x86
		{01BE60B1-894B-4A7E-B87B-1D2B6AAF2F69}.Website Only|x86.Build.0 = Release|x86
		{FA58D536-007E-4CDB-87A4-60A033F2B9BF}.All x86|.NET.ActiveCfg = Release|Any CPU
		{FA58D536-007E-4CDB-87A4-60A033F2B9BF}.All x86|Any CPU.ActiveCfg = Release|Any CPU
		{FA58D536-007E-4CDB-87A4-60A033F2B9BF}.All x86|Any CPU.Build.0 = Release|Any CPU
		{FA58D536-007E-4CDB-87A4-60A033F2B9BF}.All x86|Mixed Platforms.ActiveCfg = Release|Any CPU
		{FA58D536-007E-4CDB-87A4-60A033F2B9BF}.All x86|Mixed Platforms.Build.0 = Release|Any CPU
		{FA58D536-007E-4CDB-87A4-60A033F2B9BF}.All x86|x86.ActiveCfg = Release|Any CPU
		{FA58D536-007E-4CDB-87A4-60A033F2B9BF}.Debug|.NET.ActiveCfg = Debug|Any CPU
		{FA58D536-007E-4CDB-87A4-60A033F2B9BF}.Debug|Any CPU.ActiveCfg = Debug|Any CPU
		{FA58D536-007E-4CDB-87A4-60A033F2B9BF}.Debug|Any CPU.Build.0 = Debug|Any CPU
		{FA58D536-007E-4CDB-87A4-60A033F2B9BF}.Debug|Mixed Platforms.ActiveCfg = Debug|Any CPU
		{FA58D536-007E-4CDB-87A4-60A033F2B9BF}.Debug|Mixed Platforms.Build.0 = Debug|Any CPU
		{FA58D536-007E-4CDB-87A4-60A033F2B9BF}.Debug|x86.ActiveCfg = Debug|Any CPU
		{FA58D536-007E-4CDB-87A4-60A033F2B9BF}.LetterTemplates|.NET.ActiveCfg = Release|Any CPU
		{FA58D536-007E-4CDB-87A4-60A033F2B9BF}.LetterTemplates|Any CPU.ActiveCfg = Release|Any CPU
		{FA58D536-007E-4CDB-87A4-60A033F2B9BF}.LetterTemplates|Any CPU.Build.0 = Release|Any CPU
		{FA58D536-007E-4CDB-87A4-60A033F2B9BF}.LetterTemplates|Mixed Platforms.ActiveCfg = Release|Any CPU
		{FA58D536-007E-4CDB-87A4-60A033F2B9BF}.LetterTemplates|Mixed Platforms.Build.0 = Release|Any CPU
		{FA58D536-007E-4CDB-87A4-60A033F2B9BF}.LetterTemplates|x86.ActiveCfg = Release|Any CPU
		{FA58D536-007E-4CDB-87A4-60A033F2B9BF}.Release|.NET.ActiveCfg = Release|Any CPU
		{FA58D536-007E-4CDB-87A4-60A033F2B9BF}.Release|Any CPU.ActiveCfg = Release|Any CPU
		{FA58D536-007E-4CDB-87A4-60A033F2B9BF}.Release|Any CPU.Build.0 = Release|Any CPU
		{FA58D536-007E-4CDB-87A4-60A033F2B9BF}.Release|Mixed Platforms.ActiveCfg = Release|Any CPU
		{FA58D536-007E-4CDB-87A4-60A033F2B9BF}.Release|Mixed Platforms.Build.0 = Release|Any CPU
		{FA58D536-007E-4CDB-87A4-60A033F2B9BF}.Release|x86.ActiveCfg = Release|Any CPU
		{FA58D536-007E-4CDB-87A4-60A033F2B9BF}.Website Only|.NET.ActiveCfg = Release|Any CPU
		{FA58D536-007E-4CDB-87A4-60A033F2B9BF}.Website Only|Any CPU.ActiveCfg = Release|Any CPU
		{FA58D536-007E-4CDB-87A4-60A033F2B9BF}.Website Only|Any CPU.Build.0 = Release|Any CPU
		{FA58D536-007E-4CDB-87A4-60A033F2B9BF}.Website Only|Mixed Platforms.ActiveCfg = Release|Any CPU
		{FA58D536-007E-4CDB-87A4-60A033F2B9BF}.Website Only|Mixed Platforms.Build.0 = Release|Any CPU
		{FA58D536-007E-4CDB-87A4-60A033F2B9BF}.Website Only|x86.ActiveCfg = Release|Any CPU
		{9863E2E3-6D3C-475B-AE60-7F5020FCC200}.All x86|.NET.ActiveCfg = Release|Any CPU
		{9863E2E3-6D3C-475B-AE60-7F5020FCC200}.All x86|Any CPU.ActiveCfg = Release|Any CPU
		{9863E2E3-6D3C-475B-AE60-7F5020FCC200}.All x86|Any CPU.Build.0 = Release|Any CPU
		{9863E2E3-6D3C-475B-AE60-7F5020FCC200}.All x86|Mixed Platforms.ActiveCfg = Release|Any CPU
		{9863E2E3-6D3C-475B-AE60-7F5020FCC200}.All x86|Mixed Platforms.Build.0 = Release|Any CPU
		{9863E2E3-6D3C-475B-AE60-7F5020FCC200}.All x86|x86.ActiveCfg = Release|Any CPU
		{9863E2E3-6D3C-475B-AE60-7F5020FCC200}.Debug|.NET.ActiveCfg = Debug|Any CPU
		{9863E2E3-6D3C-475B-AE60-7F5020FCC200}.Debug|Any CPU.ActiveCfg = Debug|Any CPU
		{9863E2E3-6D3C-475B-AE60-7F5020FCC200}.Debug|Any CPU.Build.0 = Debug|Any CPU
		{9863E2E3-6D3C-475B-AE60-7F5020FCC200}.Debug|Mixed Platforms.ActiveCfg = Debug|Any CPU
		{9863E2E3-6D3C-475B-AE60-7F5020FCC200}.Debug|Mixed Platforms.Build.0 = Debug|Any CPU
		{9863E2E3-6D3C-475B-AE60-7F5020FCC200}.Debug|x86.ActiveCfg = Debug|Any CPU
		{9863E2E3-6D3C-475B-AE60-7F5020FCC200}.LetterTemplates|.NET.ActiveCfg = Release|Any CPU
		{9863E2E3-6D3C-475B-AE60-7F5020FCC200}.LetterTemplates|Any CPU.ActiveCfg = Release|Any CPU
		{9863E2E3-6D3C-475B-AE60-7F5020FCC200}.LetterTemplates|Any CPU.Build.0 = Release|Any CPU
		{9863E2E3-6D3C-475B-AE60-7F5020FCC200}.LetterTemplates|Mixed Platforms.ActiveCfg = Release|Any CPU
		{9863E2E3-6D3C-475B-AE60-7F5020FCC200}.LetterTemplates|Mixed Platforms.Build.0 = Release|Any CPU
		{9863E2E3-6D3C-475B-AE60-7F5020FCC200}.LetterTemplates|x86.ActiveCfg = Release|Any CPU
		{9863E2E3-6D3C-475B-AE60-7F5020FCC200}.Release|.NET.ActiveCfg = Release|Any CPU
		{9863E2E3-6D3C-475B-AE60-7F5020FCC200}.Release|Any CPU.ActiveCfg = Release|Any CPU
		{9863E2E3-6D3C-475B-AE60-7F5020FCC200}.Release|Any CPU.Build.0 = Release|Any CPU
		{9863E2E3-6D3C-475B-AE60-7F5020FCC200}.Release|Mixed Platforms.ActiveCfg = Release|Any CPU
		{9863E2E3-6D3C-475B-AE60-7F5020FCC200}.Release|Mixed Platforms.Build.0 = Release|Any CPU
		{9863E2E3-6D3C-475B-AE60-7F5020FCC200}.Release|x86.ActiveCfg = Release|Any CPU
		{9863E2E3-6D3C-475B-AE60-7F5020FCC200}.Website Only|.NET.ActiveCfg = Release|Any CPU
		{9863E2E3-6D3C-475B-AE60-7F5020FCC200}.Website Only|Any CPU.ActiveCfg = Release|Any CPU
		{9863E2E3-6D3C-475B-AE60-7F5020FCC200}.Website Only|Any CPU.Build.0 = Release|Any CPU
		{9863E2E3-6D3C-475B-AE60-7F5020FCC200}.Website Only|Mixed Platforms.ActiveCfg = Release|Any CPU
		{9863E2E3-6D3C-475B-AE60-7F5020FCC200}.Website Only|Mixed Platforms.Build.0 = Release|Any CPU
		{9863E2E3-6D3C-475B-AE60-7F5020FCC200}.Website Only|x86.ActiveCfg = Release|Any CPU
		{1747DA04-A0E0-4F0A-8CD9-FCD010C7FB6A}.All x86|.NET.ActiveCfg = Release|Any CPU
		{1747DA04-A0E0-4F0A-8CD9-FCD010C7FB6A}.All x86|Any CPU.ActiveCfg = Release|Any CPU
		{1747DA04-A0E0-4F0A-8CD9-FCD010C7FB6A}.All x86|Any CPU.Build.0 = Release|Any CPU
		{1747DA04-A0E0-4F0A-8CD9-FCD010C7FB6A}.All x86|Mixed Platforms.ActiveCfg = Release|Any CPU
		{1747DA04-A0E0-4F0A-8CD9-FCD010C7FB6A}.All x86|Mixed Platforms.Build.0 = Release|Any CPU
		{1747DA04-A0E0-4F0A-8CD9-FCD010C7FB6A}.All x86|x86.ActiveCfg = Release|Any CPU
		{1747DA04-A0E0-4F0A-8CD9-FCD010C7FB6A}.Debug|.NET.ActiveCfg = Debug|Any CPU
		{1747DA04-A0E0-4F0A-8CD9-FCD010C7FB6A}.Debug|Any CPU.ActiveCfg = Debug|Any CPU
		{1747DA04-A0E0-4F0A-8CD9-FCD010C7FB6A}.Debug|Any CPU.Build.0 = Debug|Any CPU
		{1747DA04-A0E0-4F0A-8CD9-FCD010C7FB6A}.Debug|Mixed Platforms.ActiveCfg = Debug|Any CPU
		{1747DA04-A0E0-4F0A-8CD9-FCD010C7FB6A}.Debug|Mixed Platforms.Build.0 = Debug|Any CPU
		{1747DA04-A0E0-4F0A-8CD9-FCD010C7FB6A}.Debug|x86.ActiveCfg = Debug|Any CPU
		{1747DA04-A0E0-4F0A-8CD9-FCD010C7FB6A}.LetterTemplates|.NET.ActiveCfg = Release|Any CPU
		{1747DA04-A0E0-4F0A-8CD9-FCD010C7FB6A}.LetterTemplates|Any CPU.ActiveCfg = Release|Any CPU
		{1747DA04-A0E0-4F0A-8CD9-FCD010C7FB6A}.LetterTemplates|Any CPU.Build.0 = Release|Any CPU
		{1747DA04-A0E0-4F0A-8CD9-FCD010C7FB6A}.LetterTemplates|Mixed Platforms.ActiveCfg = Release|Any CPU
		{1747DA04-A0E0-4F0A-8CD9-FCD010C7FB6A}.LetterTemplates|Mixed Platforms.Build.0 = Release|Any CPU
		{1747DA04-A0E0-4F0A-8CD9-FCD010C7FB6A}.LetterTemplates|x86.ActiveCfg = Release|Any CPU
		{1747DA04-A0E0-4F0A-8CD9-FCD010C7FB6A}.Release|.NET.ActiveCfg = Release|Any CPU
		{1747DA04-A0E0-4F0A-8CD9-FCD010C7FB6A}.Release|Any CPU.ActiveCfg = Release|Any CPU
		{1747DA04-A0E0-4F0A-8CD9-FCD010C7FB6A}.Release|Any CPU.Build.0 = Release|Any CPU
		{1747DA04-A0E0-4F0A-8CD9-FCD010C7FB6A}.Release|Mixed Platforms.ActiveCfg = Release|Any CPU
		{1747DA04-A0E0-4F0A-8CD9-FCD010C7FB6A}.Release|Mixed Platforms.Build.0 = Release|Any CPU
		{1747DA04-A0E0-4F0A-8CD9-FCD010C7FB6A}.Release|x86.ActiveCfg = Release|Any CPU
		{1747DA04-A0E0-4F0A-8CD9-FCD010C7FB6A}.Website Only|.NET.ActiveCfg = Release|Any CPU
		{1747DA04-A0E0-4F0A-8CD9-FCD010C7FB6A}.Website Only|Any CPU.ActiveCfg = Release|Any CPU
		{1747DA04-A0E0-4F0A-8CD9-FCD010C7FB6A}.Website Only|Any CPU.Build.0 = Release|Any CPU
		{1747DA04-A0E0-4F0A-8CD9-FCD010C7FB6A}.Website Only|Mixed Platforms.ActiveCfg = Release|Any CPU
		{1747DA04-A0E0-4F0A-8CD9-FCD010C7FB6A}.Website Only|Mixed Platforms.Build.0 = Release|Any CPU
		{1747DA04-A0E0-4F0A-8CD9-FCD010C7FB6A}.Website Only|x86.ActiveCfg = Release|Any CPU
		{EC9F4645-59D5-4093-B6AB-1912210C2A0B}.All x86|.NET.ActiveCfg = Release|Any CPU
		{EC9F4645-59D5-4093-B6AB-1912210C2A0B}.All x86|Any CPU.ActiveCfg = Release|Any CPU
		{EC9F4645-59D5-4093-B6AB-1912210C2A0B}.All x86|Any CPU.Build.0 = Release|Any CPU
		{EC9F4645-59D5-4093-B6AB-1912210C2A0B}.All x86|Mixed Platforms.ActiveCfg = Release|Any CPU
		{EC9F4645-59D5-4093-B6AB-1912210C2A0B}.All x86|Mixed Platforms.Build.0 = Release|Any CPU
		{EC9F4645-59D5-4093-B6AB-1912210C2A0B}.All x86|x86.ActiveCfg = Release|Any CPU
		{EC9F4645-59D5-4093-B6AB-1912210C2A0B}.Debug|.NET.ActiveCfg = Debug|Any CPU
		{EC9F4645-59D5-4093-B6AB-1912210C2A0B}.Debug|Any CPU.ActiveCfg = Debug|Any CPU
		{EC9F4645-59D5-4093-B6AB-1912210C2A0B}.Debug|Any CPU.Build.0 = Debug|Any CPU
		{EC9F4645-59D5-4093-B6AB-1912210C2A0B}.Debug|Mixed Platforms.ActiveCfg = Debug|Any CPU
		{EC9F4645-59D5-4093-B6AB-1912210C2A0B}.Debug|Mixed Platforms.Build.0 = Debug|Any CPU
		{EC9F4645-59D5-4093-B6AB-1912210C2A0B}.Debug|x86.ActiveCfg = Debug|Any CPU
		{EC9F4645-59D5-4093-B6AB-1912210C2A0B}.LetterTemplates|.NET.ActiveCfg = Release|Any CPU
		{EC9F4645-59D5-4093-B6AB-1912210C2A0B}.LetterTemplates|Any CPU.ActiveCfg = Release|Any CPU
		{EC9F4645-59D5-4093-B6AB-1912210C2A0B}.LetterTemplates|Any CPU.Build.0 = Release|Any CPU
		{EC9F4645-59D5-4093-B6AB-1912210C2A0B}.LetterTemplates|Mixed Platforms.ActiveCfg = Release|Any CPU
		{EC9F4645-59D5-4093-B6AB-1912210C2A0B}.LetterTemplates|Mixed Platforms.Build.0 = Release|Any CPU
		{EC9F4645-59D5-4093-B6AB-1912210C2A0B}.LetterTemplates|x86.ActiveCfg = Release|Any CPU
		{EC9F4645-59D5-4093-B6AB-1912210C2A0B}.Release|.NET.ActiveCfg = Release|Any CPU
		{EC9F4645-59D5-4093-B6AB-1912210C2A0B}.Release|Any CPU.ActiveCfg = Release|Any CPU
		{EC9F4645-59D5-4093-B6AB-1912210C2A0B}.Release|Any CPU.Build.0 = Release|Any CPU
		{EC9F4645-59D5-4093-B6AB-1912210C2A0B}.Release|Mixed Platforms.ActiveCfg = Release|Any CPU
		{EC9F4645-59D5-4093-B6AB-1912210C2A0B}.Release|Mixed Platforms.Build.0 = Release|Any CPU
		{EC9F4645-59D5-4093-B6AB-1912210C2A0B}.Release|x86.ActiveCfg = Release|Any CPU
		{EC9F4645-59D5-4093-B6AB-1912210C2A0B}.Website Only|.NET.ActiveCfg = Release|Any CPU
		{EC9F4645-59D5-4093-B6AB-1912210C2A0B}.Website Only|Any CPU.ActiveCfg = Release|Any CPU
		{EC9F4645-59D5-4093-B6AB-1912210C2A0B}.Website Only|Any CPU.Build.0 = Release|Any CPU
		{EC9F4645-59D5-4093-B6AB-1912210C2A0B}.Website Only|Mixed Platforms.ActiveCfg = Release|Any CPU
		{EC9F4645-59D5-4093-B6AB-1912210C2A0B}.Website Only|Mixed Platforms.Build.0 = Release|Any CPU
		{EC9F4645-59D5-4093-B6AB-1912210C2A0B}.Website Only|x86.ActiveCfg = Release|Any CPU
		{097B09AC-0AFB-4A34-BC53-27882A906FCF}.All x86|.NET.ActiveCfg = Release|Any CPU
		{097B09AC-0AFB-4A34-BC53-27882A906FCF}.All x86|.NET.Build.0 = Release|Any CPU
		{097B09AC-0AFB-4A34-BC53-27882A906FCF}.All x86|Any CPU.ActiveCfg = Release|Any CPU
		{097B09AC-0AFB-4A34-BC53-27882A906FCF}.All x86|Any CPU.Build.0 = Release|Any CPU
		{097B09AC-0AFB-4A34-BC53-27882A906FCF}.All x86|Mixed Platforms.ActiveCfg = Release|Any CPU
		{097B09AC-0AFB-4A34-BC53-27882A906FCF}.All x86|Mixed Platforms.Build.0 = Release|Any CPU
		{097B09AC-0AFB-4A34-BC53-27882A906FCF}.All x86|x86.ActiveCfg = Release|Any CPU
		{097B09AC-0AFB-4A34-BC53-27882A906FCF}.All x86|x86.Build.0 = Release|Any CPU
		{097B09AC-0AFB-4A34-BC53-27882A906FCF}.Debug|.NET.ActiveCfg = Debug|Any CPU
		{097B09AC-0AFB-4A34-BC53-27882A906FCF}.Debug|.NET.Build.0 = Debug|Any CPU
		{097B09AC-0AFB-4A34-BC53-27882A906FCF}.Debug|Any CPU.ActiveCfg = Debug|Any CPU
		{097B09AC-0AFB-4A34-BC53-27882A906FCF}.Debug|Any CPU.Build.0 = Debug|Any CPU
		{097B09AC-0AFB-4A34-BC53-27882A906FCF}.Debug|Mixed Platforms.ActiveCfg = Debug|Any CPU
		{097B09AC-0AFB-4A34-BC53-27882A906FCF}.Debug|Mixed Platforms.Build.0 = Debug|Any CPU
		{097B09AC-0AFB-4A34-BC53-27882A906FCF}.Debug|x86.ActiveCfg = Debug|Any CPU
		{097B09AC-0AFB-4A34-BC53-27882A906FCF}.Debug|x86.Build.0 = Debug|Any CPU
		{097B09AC-0AFB-4A34-BC53-27882A906FCF}.LetterTemplates|.NET.ActiveCfg = Release|Any CPU
		{097B09AC-0AFB-4A34-BC53-27882A906FCF}.LetterTemplates|.NET.Build.0 = Release|Any CPU
		{097B09AC-0AFB-4A34-BC53-27882A906FCF}.LetterTemplates|Any CPU.ActiveCfg = Release|Any CPU
		{097B09AC-0AFB-4A34-BC53-27882A906FCF}.LetterTemplates|Any CPU.Build.0 = Release|Any CPU
		{097B09AC-0AFB-4A34-BC53-27882A906FCF}.LetterTemplates|Mixed Platforms.ActiveCfg = Release|Any CPU
		{097B09AC-0AFB-4A34-BC53-27882A906FCF}.LetterTemplates|Mixed Platforms.Build.0 = Release|Any CPU
		{097B09AC-0AFB-4A34-BC53-27882A906FCF}.LetterTemplates|x86.ActiveCfg = Release|Any CPU
		{097B09AC-0AFB-4A34-BC53-27882A906FCF}.LetterTemplates|x86.Build.0 = Release|Any CPU
		{097B09AC-0AFB-4A34-BC53-27882A906FCF}.Release|.NET.ActiveCfg = Release|Any CPU
		{097B09AC-0AFB-4A34-BC53-27882A906FCF}.Release|.NET.Build.0 = Release|Any CPU
		{097B09AC-0AFB-4A34-BC53-27882A906FCF}.Release|Any CPU.ActiveCfg = Release|Any CPU
		{097B09AC-0AFB-4A34-BC53-27882A906FCF}.Release|Any CPU.Build.0 = Release|Any CPU
		{097B09AC-0AFB-4A34-BC53-27882A906FCF}.Release|Mixed Platforms.ActiveCfg = Release|Any CPU
		{097B09AC-0AFB-4A34-BC53-27882A906FCF}.Release|Mixed Platforms.Build.0 = Release|Any CPU
		{097B09AC-0AFB-4A34-BC53-27882A906FCF}.Release|x86.ActiveCfg = Release|Any CPU
		{097B09AC-0AFB-4A34-BC53-27882A906FCF}.Release|x86.Build.0 = Release|Any CPU
		{097B09AC-0AFB-4A34-BC53-27882A906FCF}.Website Only|.NET.ActiveCfg = Release|Any CPU
		{097B09AC-0AFB-4A34-BC53-27882A906FCF}.Website Only|.NET.Build.0 = Release|Any CPU
		{097B09AC-0AFB-4A34-BC53-27882A906FCF}.Website Only|Any CPU.ActiveCfg = Release|Any CPU
		{097B09AC-0AFB-4A34-BC53-27882A906FCF}.Website Only|Any CPU.Build.0 = Release|Any CPU
		{097B09AC-0AFB-4A34-BC53-27882A906FCF}.Website Only|Mixed Platforms.ActiveCfg = Release|Any CPU
		{097B09AC-0AFB-4A34-BC53-27882A906FCF}.Website Only|Mixed Platforms.Build.0 = Release|Any CPU
		{097B09AC-0AFB-4A34-BC53-27882A906FCF}.Website Only|x86.ActiveCfg = Release|Any CPU
		{097B09AC-0AFB-4A34-BC53-27882A906FCF}.Website Only|x86.Build.0 = Release|Any CPU
		{BB91DB03-9C74-46B7-A2FD-4629ED91935A}.All x86|.NET.ActiveCfg = Release|Any CPU
		{BB91DB03-9C74-46B7-A2FD-4629ED91935A}.All x86|.NET.Build.0 = Release|Any CPU
		{BB91DB03-9C74-46B7-A2FD-4629ED91935A}.All x86|Any CPU.ActiveCfg = Release|Any CPU
		{BB91DB03-9C74-46B7-A2FD-4629ED91935A}.All x86|Any CPU.Build.0 = Release|Any CPU
		{BB91DB03-9C74-46B7-A2FD-4629ED91935A}.All x86|Mixed Platforms.ActiveCfg = Release|Any CPU
		{BB91DB03-9C74-46B7-A2FD-4629ED91935A}.All x86|Mixed Platforms.Build.0 = Release|Any CPU
		{BB91DB03-9C74-46B7-A2FD-4629ED91935A}.All x86|x86.ActiveCfg = Release|Any CPU
		{BB91DB03-9C74-46B7-A2FD-4629ED91935A}.All x86|x86.Build.0 = Release|Any CPU
		{BB91DB03-9C74-46B7-A2FD-4629ED91935A}.Debug|.NET.ActiveCfg = Debug|Any CPU
		{BB91DB03-9C74-46B7-A2FD-4629ED91935A}.Debug|.NET.Build.0 = Debug|Any CPU
		{BB91DB03-9C74-46B7-A2FD-4629ED91935A}.Debug|Any CPU.ActiveCfg = Debug|Any CPU
		{BB91DB03-9C74-46B7-A2FD-4629ED91935A}.Debug|Any CPU.Build.0 = Debug|Any CPU
		{BB91DB03-9C74-46B7-A2FD-4629ED91935A}.Debug|Mixed Platforms.ActiveCfg = Debug|Any CPU
		{BB91DB03-9C74-46B7-A2FD-4629ED91935A}.Debug|Mixed Platforms.Build.0 = Debug|Any CPU
		{BB91DB03-9C74-46B7-A2FD-4629ED91935A}.Debug|x86.ActiveCfg = Debug|Any CPU
		{BB91DB03-9C74-46B7-A2FD-4629ED91935A}.Debug|x86.Build.0 = Debug|Any CPU
		{BB91DB03-9C74-46B7-A2FD-4629ED91935A}.LetterTemplates|.NET.ActiveCfg = Release|Any CPU
		{BB91DB03-9C74-46B7-A2FD-4629ED91935A}.LetterTemplates|.NET.Build.0 = Release|Any CPU
		{BB91DB03-9C74-46B7-A2FD-4629ED91935A}.LetterTemplates|Any CPU.ActiveCfg = Release|Any CPU
		{BB91DB03-9C74-46B7-A2FD-4629ED91935A}.LetterTemplates|Any CPU.Build.0 = Release|Any CPU
		{BB91DB03-9C74-46B7-A2FD-4629ED91935A}.LetterTemplates|Mixed Platforms.ActiveCfg = Release|Any CPU
		{BB91DB03-9C74-46B7-A2FD-4629ED91935A}.LetterTemplates|Mixed Platforms.Build.0 = Release|Any CPU
		{BB91DB03-9C74-46B7-A2FD-4629ED91935A}.LetterTemplates|x86.ActiveCfg = Release|Any CPU
		{BB91DB03-9C74-46B7-A2FD-4629ED91935A}.LetterTemplates|x86.Build.0 = Release|Any CPU
		{BB91DB03-9C74-46B7-A2FD-4629ED91935A}.Release|.NET.ActiveCfg = Release|Any CPU
		{BB91DB03-9C74-46B7-A2FD-4629ED91935A}.Release|.NET.Build.0 = Release|Any CPU
		{BB91DB03-9C74-46B7-A2FD-4629ED91935A}.Release|Any CPU.ActiveCfg = Release|Any CPU
		{BB91DB03-9C74-46B7-A2FD-4629ED91935A}.Release|Any CPU.Build.0 = Release|Any CPU
		{BB91DB03-9C74-46B7-A2FD-4629ED91935A}.Release|Mixed Platforms.ActiveCfg = Release|Any CPU
		{BB91DB03-9C74-46B7-A2FD-4629ED91935A}.Release|Mixed Platforms.Build.0 = Release|Any CPU
		{BB91DB03-9C74-46B7-A2FD-4629ED91935A}.Release|x86.ActiveCfg = Release|Any CPU
		{BB91DB03-9C74-46B7-A2FD-4629ED91935A}.Release|x86.Build.0 = Release|Any CPU
		{BB91DB03-9C74-46B7-A2FD-4629ED91935A}.Website Only|.NET.ActiveCfg = Release|Any CPU
		{BB91DB03-9C74-46B7-A2FD-4629ED91935A}.Website Only|.NET.Build.0 = Release|Any CPU
		{BB91DB03-9C74-46B7-A2FD-4629ED91935A}.Website Only|Any CPU.ActiveCfg = Release|Any CPU
		{BB91DB03-9C74-46B7-A2FD-4629ED91935A}.Website Only|Any CPU.Build.0 = Release|Any CPU
		{BB91DB03-9C74-46B7-A2FD-4629ED91935A}.Website Only|Mixed Platforms.ActiveCfg = Release|Any CPU
		{BB91DB03-9C74-46B7-A2FD-4629ED91935A}.Website Only|Mixed Platforms.Build.0 = Release|Any CPU
		{BB91DB03-9C74-46B7-A2FD-4629ED91935A}.Website Only|x86.ActiveCfg = Release|Any CPU
		{BB91DB03-9C74-46B7-A2FD-4629ED91935A}.Website Only|x86.Build.0 = Release|Any CPU
		{E4172BA3-4354-41DD-9DCD-4C548163BB12}.All x86|.NET.ActiveCfg = Debug|Any CPU
		{E4172BA3-4354-41DD-9DCD-4C548163BB12}.All x86|.NET.Build.0 = Debug|Any CPU
		{E4172BA3-4354-41DD-9DCD-4C548163BB12}.All x86|Any CPU.ActiveCfg = Debug|Any CPU
		{E4172BA3-4354-41DD-9DCD-4C548163BB12}.All x86|Any CPU.Build.0 = Debug|Any CPU
		{E4172BA3-4354-41DD-9DCD-4C548163BB12}.All x86|Mixed Platforms.ActiveCfg = Debug|Any CPU
		{E4172BA3-4354-41DD-9DCD-4C548163BB12}.All x86|Mixed Platforms.Build.0 = Debug|Any CPU
		{E4172BA3-4354-41DD-9DCD-4C548163BB12}.All x86|x86.ActiveCfg = Debug|Any CPU
		{E4172BA3-4354-41DD-9DCD-4C548163BB12}.All x86|x86.Build.0 = Debug|Any CPU
		{E4172BA3-4354-41DD-9DCD-4C548163BB12}.Debug|.NET.ActiveCfg = Debug|Any CPU
		{E4172BA3-4354-41DD-9DCD-4C548163BB12}.Debug|.NET.Build.0 = Debug|Any CPU
		{E4172BA3-4354-41DD-9DCD-4C548163BB12}.Debug|Any CPU.ActiveCfg = Debug|Any CPU
		{E4172BA3-4354-41DD-9DCD-4C548163BB12}.Debug|Any CPU.Build.0 = Debug|Any CPU
		{E4172BA3-4354-41DD-9DCD-4C548163BB12}.Debug|Mixed Platforms.ActiveCfg = Debug|Any CPU
		{E4172BA3-4354-41DD-9DCD-4C548163BB12}.Debug|Mixed Platforms.Build.0 = Debug|Any CPU
		{E4172BA3-4354-41DD-9DCD-4C548163BB12}.Debug|x86.ActiveCfg = Debug|Any CPU
		{E4172BA3-4354-41DD-9DCD-4C548163BB12}.Debug|x86.Build.0 = Debug|Any CPU
		{E4172BA3-4354-41DD-9DCD-4C548163BB12}.LetterTemplates|.NET.ActiveCfg = Debug|Any CPU
		{E4172BA3-4354-41DD-9DCD-4C548163BB12}.LetterTemplates|.NET.Build.0 = Debug|Any CPU
		{E4172BA3-4354-41DD-9DCD-4C548163BB12}.LetterTemplates|Any CPU.ActiveCfg = Debug|Any CPU
		{E4172BA3-4354-41DD-9DCD-4C548163BB12}.LetterTemplates|Any CPU.Build.0 = Debug|Any CPU
		{E4172BA3-4354-41DD-9DCD-4C548163BB12}.LetterTemplates|Mixed Platforms.ActiveCfg = Debug|Any CPU
		{E4172BA3-4354-41DD-9DCD-4C548163BB12}.LetterTemplates|Mixed Platforms.Build.0 = Debug|Any CPU
		{E4172BA3-4354-41DD-9DCD-4C548163BB12}.LetterTemplates|x86.ActiveCfg = Debug|Any CPU
		{E4172BA3-4354-41DD-9DCD-4C548163BB12}.LetterTemplates|x86.Build.0 = Debug|Any CPU
		{E4172BA3-4354-41DD-9DCD-4C548163BB12}.Release|.NET.ActiveCfg = Release|Any CPU
		{E4172BA3-4354-41DD-9DCD-4C548163BB12}.Release|.NET.Build.0 = Release|Any CPU
		{E4172BA3-4354-41DD-9DCD-4C548163BB12}.Release|Any CPU.ActiveCfg = Release|Any CPU
		{E4172BA3-4354-41DD-9DCD-4C548163BB12}.Release|Any CPU.Build.0 = Release|Any CPU
		{E4172BA3-4354-41DD-9DCD-4C548163BB12}.Release|Mixed Platforms.ActiveCfg = Release|Any CPU
		{E4172BA3-4354-41DD-9DCD-4C548163BB12}.Release|Mixed Platforms.Build.0 = Release|Any CPU
		{E4172BA3-4354-41DD-9DCD-4C548163BB12}.Release|x86.ActiveCfg = Release|Any CPU
		{E4172BA3-4354-41DD-9DCD-4C548163BB12}.Release|x86.Build.0 = Release|Any CPU
		{E4172BA3-4354-41DD-9DCD-4C548163BB12}.Website Only|.NET.ActiveCfg = Debug|Any CPU
		{E4172BA3-4354-41DD-9DCD-4C548163BB12}.Website Only|.NET.Build.0 = Debug|Any CPU
		{E4172BA3-4354-41DD-9DCD-4C548163BB12}.Website Only|Any CPU.ActiveCfg = Debug|Any CPU
		{E4172BA3-4354-41DD-9DCD-4C548163BB12}.Website Only|Any CPU.Build.0 = Debug|Any CPU
		{E4172BA3-4354-41DD-9DCD-4C548163BB12}.Website Only|Mixed Platforms.ActiveCfg = Debug|Any CPU
		{E4172BA3-4354-41DD-9DCD-4C548163BB12}.Website Only|Mixed Platforms.Build.0 = Debug|Any CPU
		{E4172BA3-4354-41DD-9DCD-4C548163BB12}.Website Only|x86.ActiveCfg = Debug|Any CPU
		{E4172BA3-4354-41DD-9DCD-4C548163BB12}.Website Only|x86.Build.0 = Debug|Any CPU
	EndGlobalSection
	GlobalSection(SolutionProperties) = preSolution
		HideSolutionNode = FALSE
	EndGlobalSection
	GlobalSection(ExtensibilityGlobals) = postSolution
		SolutionGuid = {E6D8D8E0-A046-401A-8F7C-623D434AE11B}
	EndGlobalSection
EndGlobal
